// !$*UTF8*$!
{
	archiveVersion = 1;
	classes = {
	};
	objectVersion = 50;
	objects = {

/* Begin PBXBuildFile section */
		5C09D2D1217C85D0006122AE /* AppDelegate.swift in Sources */ = {isa = PBXBuildFile; fileRef = 5C09D2D0217C85D0006122AE /* AppDelegate.swift */; };
		5C09D2D3217C85D0006122AE /* MediaListViewController.swift in Sources */ = {isa = PBXBuildFile; fileRef = 5C09D2D2217C85D0006122AE /* MediaListViewController.swift */; };
		5C09D2D5217C85D0006122AE /* MediaCollectionViewController.swift in Sources */ = {isa = PBXBuildFile; fileRef = 5C09D2D4217C85D0006122AE /* MediaCollectionViewController.swift */; };
		5C09D2D8217C85D0006122AE /* Main.storyboard in Resources */ = {isa = PBXBuildFile; fileRef = 5C09D2D6217C85D0006122AE /* Main.storyboard */; };
		5C09D2DA217C85D1006122AE /* Assets.xcassets in Resources */ = {isa = PBXBuildFile; fileRef = 5C09D2D9217C85D1006122AE /* Assets.xcassets */; };
		5C09D2DD217C85D1006122AE /* LaunchScreen.storyboard in Resources */ = {isa = PBXBuildFile; fileRef = 5C09D2DB217C85D1006122AE /* LaunchScreen.storyboard */; };
		5C09D2E8217C85D1006122AE /* AnilistTests.swift in Sources */ = {isa = PBXBuildFile; fileRef = 5C09D2E7217C85D1006122AE /* AnilistTests.swift */; };
		5C09D2F3217C85D1006122AE /* AnilistUITests.swift in Sources */ = {isa = PBXBuildFile; fileRef = 5C09D2F2217C85D1006122AE /* AnilistUITests.swift */; };
		5C1CEFC32197D4F400F73CFD /* MediaDetailPresenter.swift in Sources */ = {isa = PBXBuildFile; fileRef = 5C1CEFC22197D4F400F73CFD /* MediaDetailPresenter.swift */; };
		5C1CEFC62198306B00F73CFD /* MediaDetailModel.swift in Sources */ = {isa = PBXBuildFile; fileRef = 5C1CEFC52198306B00F73CFD /* MediaDetailModel.swift */; };
		5C1CEFC82198309C00F73CFD /* MediaDetailModel.graphql in Resources */ = {isa = PBXBuildFile; fileRef = 5C1CEFC72198309C00F73CFD /* MediaDetailModel.graphql */; };
		5C1CEFCA2198322000F73CFD /* MediaDetailViewFragment.swift in Sources */ = {isa = PBXBuildFile; fileRef = 5C1CEFC92198322000F73CFD /* MediaDetailViewFragment.swift */; };
		5C1CEFCF219860D500F73CFD /* MediaDetailStoryTableViewCell.swift in Sources */ = {isa = PBXBuildFile; fileRef = 5C1CEFCD219860D500F73CFD /* MediaDetailStoryTableViewCell.swift */; };
		5C1CEFD0219860D500F73CFD /* MediaDetailStoryTableViewCell.xib in Resources */ = {isa = PBXBuildFile; fileRef = 5C1CEFCE219860D500F73CFD /* MediaDetailStoryTableViewCell.xib */; };
		5C1CEFD32198747E00F73CFD /* MediaDetailTableViewHeaderFooterView.swift in Sources */ = {isa = PBXBuildFile; fileRef = 5C1CEFD22198747E00F73CFD /* MediaDetailTableViewHeaderFooterView.swift */; };
		5C1CEFD52198748D00F73CFD /* MediaDetailTableViewHeaderFooterView.xib in Resources */ = {isa = PBXBuildFile; fileRef = 5C1CEFD42198748D00F73CFD /* MediaDetailTableViewHeaderFooterView.xib */; };
		5C1CEFD82199AB9900F73CFD /* MediaListTableViewCell.swift in Sources */ = {isa = PBXBuildFile; fileRef = 5C1CEFD62199AB9900F73CFD /* MediaListTableViewCell.swift */; };
		5C1CEFD92199AB9900F73CFD /* MediaListTableViewCell.xib in Resources */ = {isa = PBXBuildFile; fileRef = 5C1CEFD72199AB9900F73CFD /* MediaListTableViewCell.xib */; };
		5C61B2442183678B0056A025 /* MediaSearchModel.graphql in Resources */ = {isa = PBXBuildFile; fileRef = 5C61B2432183678B0056A025 /* MediaSearchModel.graphql */; };
		5C61B24821836FE20056A025 /* MediaSearchModel.swift in Sources */ = {isa = PBXBuildFile; fileRef = 5C61B24721836FE20056A025 /* MediaSearchModel.swift */; };
		5C61B24A2183706E0056A025 /* API.swift in Sources */ = {isa = PBXBuildFile; fileRef = 5C61B2492183706E0056A025 /* API.swift */; };
		5C61B24B218375830056A025 /* Apollo.framework in Frameworks */ = {isa = PBXBuildFile; fileRef = 5CFB2BD8218212920088BD65 /* Apollo.framework */; };
		5C61B24D218451310056A025 /* GraphAPIClient.swift in Sources */ = {isa = PBXBuildFile; fileRef = 5C61B24C218451310056A025 /* GraphAPIClient.swift */; };
		5C7962B121B274720007D3A9 /* MediaDetailHeaderViewController.swift in Sources */ = {isa = PBXBuildFile; fileRef = 5C7962AF21B274720007D3A9 /* MediaDetailHeaderViewController.swift */; };
		5C7962B221B274720007D3A9 /* MediaDetailHeaderViewController.xib in Resources */ = {isa = PBXBuildFile; fileRef = 5C7962B021B274720007D3A9 /* MediaDetailHeaderViewController.xib */; };
		5C7962B421B2787D0007D3A9 /* ContainerView.swift in Sources */ = {isa = PBXBuildFile; fileRef = 5C7962B321B2787D0007D3A9 /* ContainerView.swift */; };
		5C7962BA21B2CAFD0007D3A9 /* ScrollableUIControlTableView.swift in Sources */ = {isa = PBXBuildFile; fileRef = 5C7962B921B2CAFD0007D3A9 /* ScrollableUIControlTableView.swift */; };
		5C7962C121B375520007D3A9 /* MediaDetailReviewTableViewCell.swift in Sources */ = {isa = PBXBuildFile; fileRef = 5C7962BF21B375520007D3A9 /* MediaDetailReviewTableViewCell.swift */; };
		5C7962C221B375520007D3A9 /* MediaDetailReviewTableViewCell.xib in Resources */ = {isa = PBXBuildFile; fileRef = 5C7962C021B375520007D3A9 /* MediaDetailReviewTableViewCell.xib */; };
		5C7962CA21B3EEAC0007D3A9 /* MediaDetailTableViewSectionType.swift in Sources */ = {isa = PBXBuildFile; fileRef = 5C7962C921B3EEAC0007D3A9 /* MediaDetailTableViewSectionType.swift */; };
		5C7962CC21B579C00007D3A9 /* String+Truncate.swift in Sources */ = {isa = PBXBuildFile; fileRef = 5C7962CB21B579C00007D3A9 /* String+Truncate.swift */; };
		5C7962CE21B81AE50007D3A9 /* MediaDetailReviewTableViewCellDelegate.swift in Sources */ = {isa = PBXBuildFile; fileRef = 5C7962CD21B81AE50007D3A9 /* MediaDetailReviewTableViewCellDelegate.swift */; };
		5C955CD2218B45DE005A0EB1 /* Utilites.swift in Sources */ = {isa = PBXBuildFile; fileRef = 5C955CD1218B45DE005A0EB1 /* Utilites.swift */; };
		5C955CD8218EB845005A0EB1 /* PageInfo.swift in Sources */ = {isa = PBXBuildFile; fileRef = 5C955CD7218EB845005A0EB1 /* PageInfo.swift */; };
		5C955CDB218EC2B0005A0EB1 /* ImageCollectionViewCell.swift in Sources */ = {isa = PBXBuildFile; fileRef = 5C955CD9218EC2B0005A0EB1 /* ImageCollectionViewCell.swift */; };
		5C955CDC218EC2B0005A0EB1 /* ImageCollectionViewCell.xib in Resources */ = {isa = PBXBuildFile; fileRef = 5C955CDA218EC2B0005A0EB1 /* ImageCollectionViewCell.xib */; };
		5C955CE1218F3A69005A0EB1 /* LoadingFooterView.swift in Sources */ = {isa = PBXBuildFile; fileRef = 5C955CE0218F3A69005A0EB1 /* LoadingFooterView.swift */; };
		5C955CE5218F3ACF005A0EB1 /* LoadingFooterView.xib in Resources */ = {isa = PBXBuildFile; fileRef = 5C955CE4218F3ACF005A0EB1 /* LoadingFooterView.xib */; };
		5C955CE7218F4158005A0EB1 /* MediaListPresenter.swift in Sources */ = {isa = PBXBuildFile; fileRef = 5C955CE6218F4158005A0EB1 /* MediaListPresenter.swift */; };
		5C955CEA21907D3D005A0EB1 /* Media.swift in Sources */ = {isa = PBXBuildFile; fileRef = 5C955CE921907D3D005A0EB1 /* Media.swift */; };
		5C955CED21907D98005A0EB1 /* MediaListViewFragment.swift in Sources */ = {isa = PBXBuildFile; fileRef = 5C955CEC21907D98005A0EB1 /* MediaListViewFragment.swift */; };
		5C955CEF21907EC0005A0EB1 /* MediaTitle.swift in Sources */ = {isa = PBXBuildFile; fileRef = 5C955CEE21907EC0005A0EB1 /* MediaTitle.swift */; };
		5C955CF521907FA9005A0EB1 /* MediaDetailMediaFormat.swift in Sources */ = {isa = PBXBuildFile; fileRef = 5C955CF421907FA9005A0EB1 /* MediaDetailMediaFormat.swift */; };
		5C955CF721908159005A0EB1 /* MediaStatus.swift in Sources */ = {isa = PBXBuildFile; fileRef = 5C955CF621908159005A0EB1 /* MediaStatus.swift */; };
		5C955CF921908247005A0EB1 /* MediaCoverImage.swift in Sources */ = {isa = PBXBuildFile; fileRef = 5C955CF821908247005A0EB1 /* MediaCoverImage.swift */; };
		5C955CFB219082F9005A0EB1 /* FuzzyDate.swift in Sources */ = {isa = PBXBuildFile; fileRef = 5C955CFA219082F9005A0EB1 /* FuzzyDate.swift */; };
		5C955CFD2191CDF8005A0EB1 /* UIImage+Colorize.swift in Sources */ = {isa = PBXBuildFile; fileRef = 5C955CFC2191CDF7005A0EB1 /* UIImage+Colorize.swift */; };
		5C955D002191D748005A0EB1 /* MediaDetailViewController.swift in Sources */ = {isa = PBXBuildFile; fileRef = 5C955CFE2191D748005A0EB1 /* MediaDetailViewController.swift */; };
		5C955D012191D748005A0EB1 /* MediaDetailViewController.xib in Resources */ = {isa = PBXBuildFile; fileRef = 5C955CFF2191D748005A0EB1 /* MediaDetailViewController.xib */; };
		5CC999D721A85CD2004D2382 /* SearchSelectTypeTableViewControllerProtocol.swift in Sources */ = {isa = PBXBuildFile; fileRef = 5CC999D621A85CD2004D2382 /* SearchSelectTypeTableViewControllerProtocol.swift */; };
		5CC999D921A85F13004D2382 /* SearchDecisionButtonDelegate.swift in Sources */ = {isa = PBXBuildFile; fileRef = 5CC999D821A85F13004D2382 /* SearchDecisionButtonDelegate.swift */; };
		5CC999DB21A862C6004D2382 /* SearchDoneButtonDelegate.swift in Sources */ = {isa = PBXBuildFile; fileRef = 5CC999DA21A862C6004D2382 /* SearchDoneButtonDelegate.swift */; };
		5CC999DE21A86C27004D2382 /* SearchSelectTypeViewController.swift in Sources */ = {isa = PBXBuildFile; fileRef = 5CC999DC21A86C26004D2382 /* SearchSelectTypeViewController.swift */; };
		5CC999DF21A86C27004D2382 /* SearchSelectTypeViewController.xib in Resources */ = {isa = PBXBuildFile; fileRef = 5CC999DD21A86C26004D2382 /* SearchSelectTypeViewController.xib */; };
		5CC999E121A9003F004D2382 /* SearchDetailNavigationItemViewControllerProtocol.swift in Sources */ = {isa = PBXBuildFile; fileRef = 5CC999E021A9003F004D2382 /* SearchDetailNavigationItemViewControllerProtocol.swift */; };
		5CC999E321AAC554004D2382 /* SearchDetailYearTableViewCellDelegate.swift in Sources */ = {isa = PBXBuildFile; fileRef = 5CC999E221AAC554004D2382 /* SearchDetailYearTableViewCellDelegate.swift */; };
		5CE3B1AD21A2EED8000003CB /* Linearicons-Free.ttf in Resources */ = {isa = PBXBuildFile; fileRef = 5CE3B1AC21A2EED8000003CB /* Linearicons-Free.ttf */; };
		5CE3B1AE21A2EED8000003CB /* Linearicons-Free.ttf in Resources */ = {isa = PBXBuildFile; fileRef = 5CE3B1AC21A2EED8000003CB /* Linearicons-Free.ttf */; };
		5CE3B1AF21A2EED8000003CB /* Linearicons-Free.ttf in Resources */ = {isa = PBXBuildFile; fileRef = 5CE3B1AC21A2EED8000003CB /* Linearicons-Free.ttf */; };
		5CE3B1B121A2F55D000003CB /* IconFont.swift in Sources */ = {isa = PBXBuildFile; fileRef = 5CE3B1B021A2F55D000003CB /* IconFont.swift */; };
		5CE3B1B221A2F55D000003CB /* IconFont.swift in Sources */ = {isa = PBXBuildFile; fileRef = 5CE3B1B021A2F55D000003CB /* IconFont.swift */; };
		5CE3B1B321A2F55D000003CB /* IconFont.swift in Sources */ = {isa = PBXBuildFile; fileRef = 5CE3B1B021A2F55D000003CB /* IconFont.swift */; };
		5CE3B1B521A2F78E000003CB /* TabBarViewController.swift in Sources */ = {isa = PBXBuildFile; fileRef = 5CE3B1B421A2F78E000003CB /* TabBarViewController.swift */; };
		5CE3B1B621A2F78E000003CB /* TabBarViewController.swift in Sources */ = {isa = PBXBuildFile; fileRef = 5CE3B1B421A2F78E000003CB /* TabBarViewController.swift */; };
		5CE3B1B721A2F78E000003CB /* TabBarViewController.swift in Sources */ = {isa = PBXBuildFile; fileRef = 5CE3B1B421A2F78E000003CB /* TabBarViewController.swift */; };
		5CE3B1BA21A43526000003CB /* SearchDetailViewController.swift in Sources */ = {isa = PBXBuildFile; fileRef = 5CE3B1B821A43526000003CB /* SearchDetailViewController.swift */; };
		5CE3B1BB21A43526000003CB /* SearchDetailViewController.swift in Sources */ = {isa = PBXBuildFile; fileRef = 5CE3B1B821A43526000003CB /* SearchDetailViewController.swift */; };
		5CE3B1BC21A43526000003CB /* SearchDetailViewController.swift in Sources */ = {isa = PBXBuildFile; fileRef = 5CE3B1B821A43526000003CB /* SearchDetailViewController.swift */; };
		5CE3B1BD21A43526000003CB /* SearchDetailViewController.xib in Resources */ = {isa = PBXBuildFile; fileRef = 5CE3B1B921A43526000003CB /* SearchDetailViewController.xib */; };
		5CE3B1BE21A43526000003CB /* SearchDetailViewController.xib in Resources */ = {isa = PBXBuildFile; fileRef = 5CE3B1B921A43526000003CB /* SearchDetailViewController.xib */; };
		5CE3B1BF21A43526000003CB /* SearchDetailViewController.xib in Resources */ = {isa = PBXBuildFile; fileRef = 5CE3B1B921A43526000003CB /* SearchDetailViewController.xib */; };
		5CE3B1C121A7C1D1000003CB /* SearchDetailTableRowType.swift in Sources */ = {isa = PBXBuildFile; fileRef = 5CE3B1C021A7C1D1000003CB /* SearchDetailTableRowType.swift */; };
		5CE3B1C521A7C42A000003CB /* SearchDetailType.swift in Sources */ = {isa = PBXBuildFile; fileRef = 5CE3B1C421A7C42A000003CB /* SearchDetailType.swift */; };
		5CE3B1CE21A7C6CA000003CB /* SearchDetailYearTableViewCell.swift in Sources */ = {isa = PBXBuildFile; fileRef = 5CE3B1CC21A7C6CA000003CB /* SearchDetailYearTableViewCell.swift */; };
		5CE3B1CF21A7C6CA000003CB /* SearchDetailYearTableViewCell.swift in Sources */ = {isa = PBXBuildFile; fileRef = 5CE3B1CC21A7C6CA000003CB /* SearchDetailYearTableViewCell.swift */; };
		5CE3B1D021A7C6CA000003CB /* SearchDetailYearTableViewCell.swift in Sources */ = {isa = PBXBuildFile; fileRef = 5CE3B1CC21A7C6CA000003CB /* SearchDetailYearTableViewCell.swift */; };
		5CE3B1D121A7C6CA000003CB /* SearchDetailYearTableViewCell.xib in Resources */ = {isa = PBXBuildFile; fileRef = 5CE3B1CD21A7C6CA000003CB /* SearchDetailYearTableViewCell.xib */; };
		5CE3B1D221A7C6CA000003CB /* SearchDetailYearTableViewCell.xib in Resources */ = {isa = PBXBuildFile; fileRef = 5CE3B1CD21A7C6CA000003CB /* SearchDetailYearTableViewCell.xib */; };
		5CE3B1D321A7C6CA000003CB /* SearchDetailYearTableViewCell.xib in Resources */ = {isa = PBXBuildFile; fileRef = 5CE3B1CD21A7C6CA000003CB /* SearchDetailYearTableViewCell.xib */; };
		5CE3B1D621A7D256000003CB /* SearchConditionPresenter.swift in Sources */ = {isa = PBXBuildFile; fileRef = 5CE3B1D521A7D256000003CB /* SearchConditionPresenter.swift */; };
		5CE3B1D721A7D256000003CB /* SearchConditionPresenter.swift in Sources */ = {isa = PBXBuildFile; fileRef = 5CE3B1D521A7D256000003CB /* SearchConditionPresenter.swift */; };
		5CE3B1D821A7D256000003CB /* SearchConditionPresenter.swift in Sources */ = {isa = PBXBuildFile; fileRef = 5CE3B1D521A7D256000003CB /* SearchConditionPresenter.swift */; };
		5CE3B21721A8203A000003CB /* SearchSelectTypeTableViewController.swift in Sources */ = {isa = PBXBuildFile; fileRef = 5CE3B21521A8203A000003CB /* SearchSelectTypeTableViewController.swift */; };
		5CE3B21821A8203A000003CB /* SearchSelectTypeTableViewController.swift in Sources */ = {isa = PBXBuildFile; fileRef = 5CE3B21521A8203A000003CB /* SearchSelectTypeTableViewController.swift */; };
		5CE3B21921A8203A000003CB /* SearchSelectTypeTableViewController.swift in Sources */ = {isa = PBXBuildFile; fileRef = 5CE3B21521A8203A000003CB /* SearchSelectTypeTableViewController.swift */; };
		5CE3B21A21A8203A000003CB /* SearchSelectTypeTableViewController.xib in Resources */ = {isa = PBXBuildFile; fileRef = 5CE3B21621A8203A000003CB /* SearchSelectTypeTableViewController.xib */; };
		5CE3B21B21A8203A000003CB /* SearchSelectTypeTableViewController.xib in Resources */ = {isa = PBXBuildFile; fileRef = 5CE3B21621A8203A000003CB /* SearchSelectTypeTableViewController.xib */; };
		5CE3B21C21A8203A000003CB /* SearchSelectTypeTableViewController.xib in Resources */ = {isa = PBXBuildFile; fileRef = 5CE3B21621A8203A000003CB /* SearchSelectTypeTableViewController.xib */; };
		5CE3B21F21A82530000003CB /* SearchSelectSeasonTableViewController.swift in Sources */ = {isa = PBXBuildFile; fileRef = 5CE3B21D21A82530000003CB /* SearchSelectSeasonTableViewController.swift */; };
		5CE3B22021A82530000003CB /* SearchSelectSeasonTableViewController.swift in Sources */ = {isa = PBXBuildFile; fileRef = 5CE3B21D21A82530000003CB /* SearchSelectSeasonTableViewController.swift */; };
		5CE3B22121A82530000003CB /* SearchSelectSeasonTableViewController.swift in Sources */ = {isa = PBXBuildFile; fileRef = 5CE3B21D21A82530000003CB /* SearchSelectSeasonTableViewController.swift */; };
		5CE3B22221A82530000003CB /* SearchSelectSeasonTableViewController.xib in Resources */ = {isa = PBXBuildFile; fileRef = 5CE3B21E21A82530000003CB /* SearchSelectSeasonTableViewController.xib */; };
		5CE3B22321A82530000003CB /* SearchSelectSeasonTableViewController.xib in Resources */ = {isa = PBXBuildFile; fileRef = 5CE3B21E21A82530000003CB /* SearchSelectSeasonTableViewController.xib */; };
		5CE3B22421A82530000003CB /* SearchSelectSeasonTableViewController.xib in Resources */ = {isa = PBXBuildFile; fileRef = 5CE3B21E21A82530000003CB /* SearchSelectSeasonTableViewController.xib */; };
		5CE3B22621A825BF000003CB /* SearchDetailSeasonType.swift in Sources */ = {isa = PBXBuildFile; fileRef = 5CE3B22521A825BF000003CB /* SearchDetailSeasonType.swift */; };
		5CE3B22721A825BF000003CB /* SearchDetailSeasonType.swift in Sources */ = {isa = PBXBuildFile; fileRef = 5CE3B22521A825BF000003CB /* SearchDetailSeasonType.swift */; };
		5CE3B22821A825BF000003CB /* SearchDetailSeasonType.swift in Sources */ = {isa = PBXBuildFile; fileRef = 5CE3B22521A825BF000003CB /* SearchDetailSeasonType.swift */; };
		5CE3B22A21A82C59000003CB /* SearchDecisionButton.swift in Sources */ = {isa = PBXBuildFile; fileRef = 5CE3B22921A82C59000003CB /* SearchDecisionButton.swift */; };
		5CE3B22B21A82C59000003CB /* SearchDecisionButton.swift in Sources */ = {isa = PBXBuildFile; fileRef = 5CE3B22921A82C59000003CB /* SearchDecisionButton.swift */; };
		5CE3B22C21A82C59000003CB /* SearchDecisionButton.swift in Sources */ = {isa = PBXBuildFile; fileRef = 5CE3B22921A82C59000003CB /* SearchDecisionButton.swift */; };
		5CE3B22E21A8397E000003CB /* SearchDoneButton.swift in Sources */ = {isa = PBXBuildFile; fileRef = 5CE3B22D21A8397E000003CB /* SearchDoneButton.swift */; };
		5CE3B22F21A8397E000003CB /* SearchDoneButton.swift in Sources */ = {isa = PBXBuildFile; fileRef = 5CE3B22D21A8397E000003CB /* SearchDoneButton.swift */; };
		5CE3B23021A8397E000003CB /* SearchDoneButton.swift in Sources */ = {isa = PBXBuildFile; fileRef = 5CE3B22D21A8397E000003CB /* SearchDoneButton.swift */; };
		5CE3B23321A83F3E000003CB /* SearchBottomToolViewController.swift in Sources */ = {isa = PBXBuildFile; fileRef = 5CE3B23121A83F3E000003CB /* SearchBottomToolViewController.swift */; };
		5CE3B23421A83F3E000003CB /* SearchBottomToolViewController.swift in Sources */ = {isa = PBXBuildFile; fileRef = 5CE3B23121A83F3E000003CB /* SearchBottomToolViewController.swift */; };
		5CE3B23521A83F3E000003CB /* SearchBottomToolViewController.swift in Sources */ = {isa = PBXBuildFile; fileRef = 5CE3B23121A83F3E000003CB /* SearchBottomToolViewController.swift */; };
		5CE3B23621A83F3E000003CB /* SearchBottomToolViewController.xib in Resources */ = {isa = PBXBuildFile; fileRef = 5CE3B23221A83F3E000003CB /* SearchBottomToolViewController.xib */; };
		5CE3B23721A83F3E000003CB /* SearchBottomToolViewController.xib in Resources */ = {isa = PBXBuildFile; fileRef = 5CE3B23221A83F3E000003CB /* SearchBottomToolViewController.xib */; };
		5CE3B23821A83F3E000003CB /* SearchBottomToolViewController.xib in Resources */ = {isa = PBXBuildFile; fileRef = 5CE3B23221A83F3E000003CB /* SearchBottomToolViewController.xib */; };
		5CE3B24321A846B8000003CB /* SearchSelectSeasonViewController.swift in Sources */ = {isa = PBXBuildFile; fileRef = 5CE3B24121A846B7000003CB /* SearchSelectSeasonViewController.swift */; };
		5CE3B24421A846B8000003CB /* SearchSelectSeasonViewController.swift in Sources */ = {isa = PBXBuildFile; fileRef = 5CE3B24121A846B7000003CB /* SearchSelectSeasonViewController.swift */; };
		5CE3B24521A846B8000003CB /* SearchSelectSeasonViewController.swift in Sources */ = {isa = PBXBuildFile; fileRef = 5CE3B24121A846B7000003CB /* SearchSelectSeasonViewController.swift */; };
		5CE3B24621A846B8000003CB /* SearchSelectSeasonViewController.xib in Resources */ = {isa = PBXBuildFile; fileRef = 5CE3B24221A846B8000003CB /* SearchSelectSeasonViewController.xib */; };
		5CE3B24721A846B8000003CB /* SearchSelectSeasonViewController.xib in Resources */ = {isa = PBXBuildFile; fileRef = 5CE3B24221A846B8000003CB /* SearchSelectSeasonViewController.xib */; };
		5CE3B24821A846B8000003CB /* SearchSelectSeasonViewController.xib in Resources */ = {isa = PBXBuildFile; fileRef = 5CE3B24221A846B8000003CB /* SearchSelectSeasonViewController.xib */; };
		5CE3B24B21A84C1A000003CB /* SearchSelectViewControllerProtocol.swift in Sources */ = {isa = PBXBuildFile; fileRef = 5CE3B24A21A84C1A000003CB /* SearchSelectViewControllerProtocol.swift */; };
		5CE3B24C21A84C1A000003CB /* SearchSelectViewControllerProtocol.swift in Sources */ = {isa = PBXBuildFile; fileRef = 5CE3B24A21A84C1A000003CB /* SearchSelectViewControllerProtocol.swift */; };
		5CE3B24D21A84C1A000003CB /* SearchSelectViewControllerProtocol.swift in Sources */ = {isa = PBXBuildFile; fileRef = 5CE3B24A21A84C1A000003CB /* SearchSelectViewControllerProtocol.swift */; };
		5CE3B25C21A85205000003CB /* RightDetailStyleTableViewCell.swift in Sources */ = {isa = PBXBuildFile; fileRef = 5CE3B25A21A85205000003CB /* RightDetailStyleTableViewCell.swift */; };
		5CE3B25D21A85205000003CB /* RightDetailStyleTableViewCell.swift in Sources */ = {isa = PBXBuildFile; fileRef = 5CE3B25A21A85205000003CB /* RightDetailStyleTableViewCell.swift */; };
		5CE3B25E21A85205000003CB /* RightDetailStyleTableViewCell.swift in Sources */ = {isa = PBXBuildFile; fileRef = 5CE3B25A21A85205000003CB /* RightDetailStyleTableViewCell.swift */; };
		5CE3B25F21A85205000003CB /* RightDetailStyleTableViewCell.xib in Resources */ = {isa = PBXBuildFile; fileRef = 5CE3B25B21A85205000003CB /* RightDetailStyleTableViewCell.xib */; };
		5CE3B26021A85205000003CB /* RightDetailStyleTableViewCell.xib in Resources */ = {isa = PBXBuildFile; fileRef = 5CE3B25B21A85205000003CB /* RightDetailStyleTableViewCell.xib */; };
		5CE3B26121A85205000003CB /* RightDetailStyleTableViewCell.xib in Resources */ = {isa = PBXBuildFile; fileRef = 5CE3B25B21A85205000003CB /* RightDetailStyleTableViewCell.xib */; };
		5CE3B26321A8544B000003CB /* FilterButton.swift in Sources */ = {isa = PBXBuildFile; fileRef = 5CE3B26221A8544B000003CB /* FilterButton.swift */; };
		5CE3B26421A8544B000003CB /* FilterButton.swift in Sources */ = {isa = PBXBuildFile; fileRef = 5CE3B26221A8544B000003CB /* FilterButton.swift */; };
		5CE3B26521A8544B000003CB /* FilterButton.swift in Sources */ = {isa = PBXBuildFile; fileRef = 5CE3B26221A8544B000003CB /* FilterButton.swift */; };
		5CE3B26721A85526000003CB /* MenuButton.swift in Sources */ = {isa = PBXBuildFile; fileRef = 5CE3B26621A85525000003CB /* MenuButton.swift */; };
		5CE3B26821A85526000003CB /* MenuButton.swift in Sources */ = {isa = PBXBuildFile; fileRef = 5CE3B26621A85525000003CB /* MenuButton.swift */; };
		5CE3B26921A85526000003CB /* MenuButton.swift in Sources */ = {isa = PBXBuildFile; fileRef = 5CE3B26621A85525000003CB /* MenuButton.swift */; };
/* End PBXBuildFile section */

/* Begin PBXContainerItemProxy section */
		5C09D2E4217C85D1006122AE /* PBXContainerItemProxy */ = {
			isa = PBXContainerItemProxy;
			containerPortal = 5C09D2C5217C85D0006122AE /* Project object */;
			proxyType = 1;
			remoteGlobalIDString = 5C09D2CC217C85D0006122AE;
			remoteInfo = Anilist;
		};
		5C09D2EF217C85D1006122AE /* PBXContainerItemProxy */ = {
			isa = PBXContainerItemProxy;
			containerPortal = 5C09D2C5217C85D0006122AE /* Project object */;
			proxyType = 1;
			remoteGlobalIDString = 5C09D2CC217C85D0006122AE;
			remoteInfo = Anilist;
		};
/* End PBXContainerItemProxy section */

/* Begin PBXFileReference section */
		5C09D2CD217C85D0006122AE /* Anilist.app */ = {isa = PBXFileReference; explicitFileType = wrapper.application; includeInIndex = 0; path = Anilist.app; sourceTree = BUILT_PRODUCTS_DIR; };
		5C09D2D0217C85D0006122AE /* AppDelegate.swift */ = {isa = PBXFileReference; lastKnownFileType = sourcecode.swift; path = AppDelegate.swift; sourceTree = "<group>"; };
		5C09D2D2217C85D0006122AE /* MediaListViewController.swift */ = {isa = PBXFileReference; lastKnownFileType = sourcecode.swift; path = MediaListViewController.swift; sourceTree = "<group>"; };
		5C09D2D4217C85D0006122AE /* MediaCollectionViewController.swift */ = {isa = PBXFileReference; lastKnownFileType = sourcecode.swift; path = MediaCollectionViewController.swift; sourceTree = "<group>"; };
		5C09D2D7217C85D0006122AE /* Base */ = {isa = PBXFileReference; lastKnownFileType = file.storyboard; name = Base; path = Base.lproj/Main.storyboard; sourceTree = "<group>"; };
		5C09D2D9217C85D1006122AE /* Assets.xcassets */ = {isa = PBXFileReference; lastKnownFileType = folder.assetcatalog; path = Assets.xcassets; sourceTree = "<group>"; };
		5C09D2DC217C85D1006122AE /* Base */ = {isa = PBXFileReference; lastKnownFileType = file.storyboard; name = Base; path = Base.lproj/LaunchScreen.storyboard; sourceTree = "<group>"; };
		5C09D2DE217C85D1006122AE /* Info.plist */ = {isa = PBXFileReference; lastKnownFileType = text.plist.xml; path = Info.plist; sourceTree = "<group>"; };
		5C09D2E3217C85D1006122AE /* AnilistTests.xctest */ = {isa = PBXFileReference; explicitFileType = wrapper.cfbundle; includeInIndex = 0; path = AnilistTests.xctest; sourceTree = BUILT_PRODUCTS_DIR; };
		5C09D2E7217C85D1006122AE /* AnilistTests.swift */ = {isa = PBXFileReference; lastKnownFileType = sourcecode.swift; path = AnilistTests.swift; sourceTree = "<group>"; };
		5C09D2E9217C85D1006122AE /* Info.plist */ = {isa = PBXFileReference; lastKnownFileType = text.plist.xml; path = Info.plist; sourceTree = "<group>"; };
		5C09D2EE217C85D1006122AE /* AnilistUITests.xctest */ = {isa = PBXFileReference; explicitFileType = wrapper.cfbundle; includeInIndex = 0; path = AnilistUITests.xctest; sourceTree = BUILT_PRODUCTS_DIR; };
		5C09D2F2217C85D1006122AE /* AnilistUITests.swift */ = {isa = PBXFileReference; lastKnownFileType = sourcecode.swift; path = AnilistUITests.swift; sourceTree = "<group>"; };
		5C09D2F4217C85D1006122AE /* Info.plist */ = {isa = PBXFileReference; lastKnownFileType = text.plist.xml; path = Info.plist; sourceTree = "<group>"; };
		5C1CEFC22197D4F400F73CFD /* MediaDetailPresenter.swift */ = {isa = PBXFileReference; lastKnownFileType = sourcecode.swift; path = MediaDetailPresenter.swift; sourceTree = "<group>"; };
		5C1CEFC52198306B00F73CFD /* MediaDetailModel.swift */ = {isa = PBXFileReference; lastKnownFileType = sourcecode.swift; path = MediaDetailModel.swift; sourceTree = "<group>"; };
		5C1CEFC72198309C00F73CFD /* MediaDetailModel.graphql */ = {isa = PBXFileReference; lastKnownFileType = text; path = MediaDetailModel.graphql; sourceTree = "<group>"; };
		5C1CEFC92198322000F73CFD /* MediaDetailViewFragment.swift */ = {isa = PBXFileReference; lastKnownFileType = sourcecode.swift; path = MediaDetailViewFragment.swift; sourceTree = "<group>"; };
		5C1CEFCD219860D500F73CFD /* MediaDetailStoryTableViewCell.swift */ = {isa = PBXFileReference; lastKnownFileType = sourcecode.swift; path = MediaDetailStoryTableViewCell.swift; sourceTree = "<group>"; };
		5C1CEFCE219860D500F73CFD /* MediaDetailStoryTableViewCell.xib */ = {isa = PBXFileReference; lastKnownFileType = file.xib; path = MediaDetailStoryTableViewCell.xib; sourceTree = "<group>"; };
		5C1CEFD22198747E00F73CFD /* MediaDetailTableViewHeaderFooterView.swift */ = {isa = PBXFileReference; lastKnownFileType = sourcecode.swift; path = MediaDetailTableViewHeaderFooterView.swift; sourceTree = "<group>"; };
		5C1CEFD42198748D00F73CFD /* MediaDetailTableViewHeaderFooterView.xib */ = {isa = PBXFileReference; lastKnownFileType = file.xib; path = MediaDetailTableViewHeaderFooterView.xib; sourceTree = "<group>"; };
		5C1CEFD62199AB9900F73CFD /* MediaListTableViewCell.swift */ = {isa = PBXFileReference; lastKnownFileType = sourcecode.swift; path = MediaListTableViewCell.swift; sourceTree = "<group>"; };
		5C1CEFD72199AB9900F73CFD /* MediaListTableViewCell.xib */ = {isa = PBXFileReference; lastKnownFileType = file.xib; path = MediaListTableViewCell.xib; sourceTree = "<group>"; };
		5C61B2432183678B0056A025 /* MediaSearchModel.graphql */ = {isa = PBXFileReference; lastKnownFileType = text; path = MediaSearchModel.graphql; sourceTree = "<group>"; };
		5C61B24721836FE20056A025 /* MediaSearchModel.swift */ = {isa = PBXFileReference; lastKnownFileType = sourcecode.swift; path = MediaSearchModel.swift; sourceTree = "<group>"; };
		5C61B2492183706E0056A025 /* API.swift */ = {isa = PBXFileReference; fileEncoding = 4; lastKnownFileType = sourcecode.swift; path = API.swift; sourceTree = "<group>"; };
		5C61B24C218451310056A025 /* GraphAPIClient.swift */ = {isa = PBXFileReference; lastKnownFileType = sourcecode.swift; path = GraphAPIClient.swift; sourceTree = "<group>"; };
		5C7962AF21B274720007D3A9 /* MediaDetailHeaderViewController.swift */ = {isa = PBXFileReference; lastKnownFileType = sourcecode.swift; path = MediaDetailHeaderViewController.swift; sourceTree = "<group>"; };
		5C7962B021B274720007D3A9 /* MediaDetailHeaderViewController.xib */ = {isa = PBXFileReference; lastKnownFileType = file.xib; path = MediaDetailHeaderViewController.xib; sourceTree = "<group>"; };
		5C7962B321B2787D0007D3A9 /* ContainerView.swift */ = {isa = PBXFileReference; lastKnownFileType = sourcecode.swift; path = ContainerView.swift; sourceTree = "<group>"; };
		5C7962B921B2CAFD0007D3A9 /* ScrollableUIControlTableView.swift */ = {isa = PBXFileReference; lastKnownFileType = sourcecode.swift; path = ScrollableUIControlTableView.swift; sourceTree = "<group>"; };
		5C7962BF21B375520007D3A9 /* MediaDetailReviewTableViewCell.swift */ = {isa = PBXFileReference; lastKnownFileType = sourcecode.swift; path = MediaDetailReviewTableViewCell.swift; sourceTree = "<group>"; };
		5C7962C021B375520007D3A9 /* MediaDetailReviewTableViewCell.xib */ = {isa = PBXFileReference; lastKnownFileType = file.xib; path = MediaDetailReviewTableViewCell.xib; sourceTree = "<group>"; };
		5C7962C921B3EEAC0007D3A9 /* MediaDetailTableViewSectionType.swift */ = {isa = PBXFileReference; lastKnownFileType = sourcecode.swift; path = MediaDetailTableViewSectionType.swift; sourceTree = "<group>"; };
		5C7962CB21B579C00007D3A9 /* String+Truncate.swift */ = {isa = PBXFileReference; lastKnownFileType = sourcecode.swift; path = "String+Truncate.swift"; sourceTree = "<group>"; };
		5C7962CD21B81AE50007D3A9 /* MediaDetailReviewTableViewCellDelegate.swift */ = {isa = PBXFileReference; lastKnownFileType = sourcecode.swift; path = MediaDetailReviewTableViewCellDelegate.swift; sourceTree = "<group>"; };
		5C955CD1218B45DE005A0EB1 /* Utilites.swift */ = {isa = PBXFileReference; lastKnownFileType = sourcecode.swift; path = Utilites.swift; sourceTree = "<group>"; };
		5C955CD7218EB845005A0EB1 /* PageInfo.swift */ = {isa = PBXFileReference; lastKnownFileType = sourcecode.swift; path = PageInfo.swift; sourceTree = "<group>"; };
		5C955CD9218EC2B0005A0EB1 /* ImageCollectionViewCell.swift */ = {isa = PBXFileReference; lastKnownFileType = sourcecode.swift; path = ImageCollectionViewCell.swift; sourceTree = "<group>"; };
		5C955CDA218EC2B0005A0EB1 /* ImageCollectionViewCell.xib */ = {isa = PBXFileReference; lastKnownFileType = file.xib; path = ImageCollectionViewCell.xib; sourceTree = "<group>"; };
		5C955CE0218F3A69005A0EB1 /* LoadingFooterView.swift */ = {isa = PBXFileReference; lastKnownFileType = sourcecode.swift; path = LoadingFooterView.swift; sourceTree = "<group>"; };
		5C955CE4218F3ACF005A0EB1 /* LoadingFooterView.xib */ = {isa = PBXFileReference; lastKnownFileType = file.xib; path = LoadingFooterView.xib; sourceTree = "<group>"; };
		5C955CE6218F4158005A0EB1 /* MediaListPresenter.swift */ = {isa = PBXFileReference; lastKnownFileType = sourcecode.swift; path = MediaListPresenter.swift; sourceTree = "<group>"; };
		5C955CE921907D3D005A0EB1 /* Media.swift */ = {isa = PBXFileReference; lastKnownFileType = sourcecode.swift; path = Media.swift; sourceTree = "<group>"; };
		5C955CEC21907D98005A0EB1 /* MediaListViewFragment.swift */ = {isa = PBXFileReference; lastKnownFileType = sourcecode.swift; path = MediaListViewFragment.swift; sourceTree = "<group>"; };
		5C955CEE21907EC0005A0EB1 /* MediaTitle.swift */ = {isa = PBXFileReference; lastKnownFileType = sourcecode.swift; path = MediaTitle.swift; sourceTree = "<group>"; };
		5C955CF421907FA9005A0EB1 /* MediaDetailMediaFormat.swift */ = {isa = PBXFileReference; lastKnownFileType = sourcecode.swift; path = MediaDetailMediaFormat.swift; sourceTree = "<group>"; };
		5C955CF621908159005A0EB1 /* MediaStatus.swift */ = {isa = PBXFileReference; lastKnownFileType = sourcecode.swift; path = MediaStatus.swift; sourceTree = "<group>"; };
		5C955CF821908247005A0EB1 /* MediaCoverImage.swift */ = {isa = PBXFileReference; lastKnownFileType = sourcecode.swift; path = MediaCoverImage.swift; sourceTree = "<group>"; };
		5C955CFA219082F9005A0EB1 /* FuzzyDate.swift */ = {isa = PBXFileReference; lastKnownFileType = sourcecode.swift; path = FuzzyDate.swift; sourceTree = "<group>"; };
		5C955CFC2191CDF7005A0EB1 /* UIImage+Colorize.swift */ = {isa = PBXFileReference; lastKnownFileType = sourcecode.swift; path = "UIImage+Colorize.swift"; sourceTree = "<group>"; };
		5C955CFE2191D748005A0EB1 /* MediaDetailViewController.swift */ = {isa = PBXFileReference; lastKnownFileType = sourcecode.swift; path = MediaDetailViewController.swift; sourceTree = "<group>"; };
		5C955CFF2191D748005A0EB1 /* MediaDetailViewController.xib */ = {isa = PBXFileReference; lastKnownFileType = file.xib; path = MediaDetailViewController.xib; sourceTree = "<group>"; };
		5CC999D621A85CD2004D2382 /* SearchSelectTypeTableViewControllerProtocol.swift */ = {isa = PBXFileReference; lastKnownFileType = sourcecode.swift; path = SearchSelectTypeTableViewControllerProtocol.swift; sourceTree = "<group>"; };
		5CC999D821A85F13004D2382 /* SearchDecisionButtonDelegate.swift */ = {isa = PBXFileReference; lastKnownFileType = sourcecode.swift; path = SearchDecisionButtonDelegate.swift; sourceTree = "<group>"; };
		5CC999DA21A862C6004D2382 /* SearchDoneButtonDelegate.swift */ = {isa = PBXFileReference; lastKnownFileType = sourcecode.swift; path = SearchDoneButtonDelegate.swift; sourceTree = "<group>"; };
		5CC999DC21A86C26004D2382 /* SearchSelectTypeViewController.swift */ = {isa = PBXFileReference; fileEncoding = 4; lastKnownFileType = sourcecode.swift; path = SearchSelectTypeViewController.swift; sourceTree = "<group>"; };
		5CC999DD21A86C26004D2382 /* SearchSelectTypeViewController.xib */ = {isa = PBXFileReference; fileEncoding = 4; lastKnownFileType = file.xib; path = SearchSelectTypeViewController.xib; sourceTree = "<group>"; };
		5CC999E021A9003F004D2382 /* SearchDetailNavigationItemViewControllerProtocol.swift */ = {isa = PBXFileReference; lastKnownFileType = sourcecode.swift; path = SearchDetailNavigationItemViewControllerProtocol.swift; sourceTree = "<group>"; };
		5CC999E221AAC554004D2382 /* SearchDetailYearTableViewCellDelegate.swift */ = {isa = PBXFileReference; lastKnownFileType = sourcecode.swift; path = SearchDetailYearTableViewCellDelegate.swift; sourceTree = "<group>"; };
		5CE3B1AC21A2EED8000003CB /* Linearicons-Free.ttf */ = {isa = PBXFileReference; lastKnownFileType = file; path = "Linearicons-Free.ttf"; sourceTree = "<group>"; };
		5CE3B1B021A2F55D000003CB /* IconFont.swift */ = {isa = PBXFileReference; lastKnownFileType = sourcecode.swift; path = IconFont.swift; sourceTree = "<group>"; };
		5CE3B1B421A2F78E000003CB /* TabBarViewController.swift */ = {isa = PBXFileReference; lastKnownFileType = sourcecode.swift; path = TabBarViewController.swift; sourceTree = "<group>"; };
		5CE3B1B821A43526000003CB /* SearchDetailViewController.swift */ = {isa = PBXFileReference; lastKnownFileType = sourcecode.swift; path = SearchDetailViewController.swift; sourceTree = "<group>"; };
		5CE3B1B921A43526000003CB /* SearchDetailViewController.xib */ = {isa = PBXFileReference; lastKnownFileType = file.xib; path = SearchDetailViewController.xib; sourceTree = "<group>"; };
		5CE3B1C021A7C1D1000003CB /* SearchDetailTableRowType.swift */ = {isa = PBXFileReference; lastKnownFileType = sourcecode.swift; path = SearchDetailTableRowType.swift; sourceTree = "<group>"; };
		5CE3B1C421A7C42A000003CB /* SearchDetailType.swift */ = {isa = PBXFileReference; lastKnownFileType = sourcecode.swift; path = SearchDetailType.swift; sourceTree = "<group>"; };
		5CE3B1CC21A7C6CA000003CB /* SearchDetailYearTableViewCell.swift */ = {isa = PBXFileReference; lastKnownFileType = sourcecode.swift; path = SearchDetailYearTableViewCell.swift; sourceTree = "<group>"; };
		5CE3B1CD21A7C6CA000003CB /* SearchDetailYearTableViewCell.xib */ = {isa = PBXFileReference; lastKnownFileType = file.xib; path = SearchDetailYearTableViewCell.xib; sourceTree = "<group>"; };
		5CE3B1D521A7D256000003CB /* SearchConditionPresenter.swift */ = {isa = PBXFileReference; lastKnownFileType = sourcecode.swift; path = SearchConditionPresenter.swift; sourceTree = "<group>"; };
		5CE3B1DA21A7DD66000003CB /* Calendar.playground */ = {isa = PBXFileReference; lastKnownFileType = file.playground; path = Calendar.playground; sourceTree = "<group>"; xcLanguageSpecificationIdentifier = xcode.lang.swift; };
		5CE3B21521A8203A000003CB /* SearchSelectTypeTableViewController.swift */ = {isa = PBXFileReference; lastKnownFileType = sourcecode.swift; path = SearchSelectTypeTableViewController.swift; sourceTree = "<group>"; };
		5CE3B21621A8203A000003CB /* SearchSelectTypeTableViewController.xib */ = {isa = PBXFileReference; lastKnownFileType = file.xib; path = SearchSelectTypeTableViewController.xib; sourceTree = "<group>"; };
		5CE3B21D21A82530000003CB /* SearchSelectSeasonTableViewController.swift */ = {isa = PBXFileReference; lastKnownFileType = sourcecode.swift; path = SearchSelectSeasonTableViewController.swift; sourceTree = "<group>"; };
		5CE3B21E21A82530000003CB /* SearchSelectSeasonTableViewController.xib */ = {isa = PBXFileReference; lastKnownFileType = file.xib; path = SearchSelectSeasonTableViewController.xib; sourceTree = "<group>"; };
		5CE3B22521A825BF000003CB /* SearchDetailSeasonType.swift */ = {isa = PBXFileReference; lastKnownFileType = sourcecode.swift; path = SearchDetailSeasonType.swift; sourceTree = "<group>"; };
		5CE3B22921A82C59000003CB /* SearchDecisionButton.swift */ = {isa = PBXFileReference; lastKnownFileType = sourcecode.swift; path = SearchDecisionButton.swift; sourceTree = "<group>"; };
		5CE3B22D21A8397E000003CB /* SearchDoneButton.swift */ = {isa = PBXFileReference; lastKnownFileType = sourcecode.swift; path = SearchDoneButton.swift; sourceTree = "<group>"; };
		5CE3B23121A83F3E000003CB /* SearchBottomToolViewController.swift */ = {isa = PBXFileReference; lastKnownFileType = sourcecode.swift; path = SearchBottomToolViewController.swift; sourceTree = "<group>"; };
		5CE3B23221A83F3E000003CB /* SearchBottomToolViewController.xib */ = {isa = PBXFileReference; lastKnownFileType = file.xib; path = SearchBottomToolViewController.xib; sourceTree = "<group>"; };
		5CE3B24121A846B7000003CB /* SearchSelectSeasonViewController.swift */ = {isa = PBXFileReference; lastKnownFileType = sourcecode.swift; path = SearchSelectSeasonViewController.swift; sourceTree = "<group>"; };
		5CE3B24221A846B8000003CB /* SearchSelectSeasonViewController.xib */ = {isa = PBXFileReference; lastKnownFileType = file.xib; path = SearchSelectSeasonViewController.xib; sourceTree = "<group>"; };
		5CE3B24A21A84C1A000003CB /* SearchSelectViewControllerProtocol.swift */ = {isa = PBXFileReference; lastKnownFileType = sourcecode.swift; path = SearchSelectViewControllerProtocol.swift; sourceTree = "<group>"; };
		5CE3B25A21A85205000003CB /* RightDetailStyleTableViewCell.swift */ = {isa = PBXFileReference; lastKnownFileType = sourcecode.swift; path = RightDetailStyleTableViewCell.swift; sourceTree = "<group>"; };
		5CE3B25B21A85205000003CB /* RightDetailStyleTableViewCell.xib */ = {isa = PBXFileReference; lastKnownFileType = file.xib; path = RightDetailStyleTableViewCell.xib; sourceTree = "<group>"; };
		5CE3B26221A8544B000003CB /* FilterButton.swift */ = {isa = PBXFileReference; lastKnownFileType = sourcecode.swift; path = FilterButton.swift; sourceTree = "<group>"; };
		5CE3B26621A85525000003CB /* MenuButton.swift */ = {isa = PBXFileReference; lastKnownFileType = sourcecode.swift; path = MenuButton.swift; sourceTree = "<group>"; };
		5CFB2BD8218212920088BD65 /* Apollo.framework */ = {isa = PBXFileReference; lastKnownFileType = wrapper.framework; name = Apollo.framework; path = Carthage/Build/iOS/Apollo.framework; sourceTree = "<group>"; };
/* End PBXFileReference section */

/* Begin PBXFrameworksBuildPhase section */
		5C09D2CA217C85D0006122AE /* Frameworks */ = {
			isa = PBXFrameworksBuildPhase;
			buildActionMask = 2147483647;
			files = (
				5C61B24B218375830056A025 /* Apollo.framework in Frameworks */,
			);
			runOnlyForDeploymentPostprocessing = 0;
		};
		5C09D2E0217C85D1006122AE /* Frameworks */ = {
			isa = PBXFrameworksBuildPhase;
			buildActionMask = 2147483647;
			files = (
			);
			runOnlyForDeploymentPostprocessing = 0;
		};
		5C09D2EB217C85D1006122AE /* Frameworks */ = {
			isa = PBXFrameworksBuildPhase;
			buildActionMask = 2147483647;
			files = (
			);
			runOnlyForDeploymentPostprocessing = 0;
		};
/* End PBXFrameworksBuildPhase section */

/* Begin PBXGroup section */
		5C09D2C4217C85D0006122AE = {
			isa = PBXGroup;
			children = (
				5C09D2CF217C85D0006122AE /* Anilist */,
				5C09D2E6217C85D1006122AE /* AnilistTests */,
				5C09D2F1217C85D1006122AE /* AnilistUITests */,
				5C09D2CE217C85D0006122AE /* Products */,
				5CFB2BD7218212920088BD65 /* Frameworks */,
			);
			sourceTree = "<group>";
		};
		5C09D2CE217C85D0006122AE /* Products */ = {
			isa = PBXGroup;
			children = (
				5C09D2CD217C85D0006122AE /* Anilist.app */,
				5C09D2E3217C85D1006122AE /* AnilistTests.xctest */,
				5C09D2EE217C85D1006122AE /* AnilistUITests.xctest */,
			);
			name = Products;
			sourceTree = "<group>";
		};
		5C09D2CF217C85D0006122AE /* Anilist */ = {
			isa = PBXGroup;
			children = (
				5CE3B24921A84C08000003CB /* Protocol */,
				5CE3B1D921A7DD45000003CB /* New Group */,
				5C1CEFC421982B8E00F73CFD /* Presenter */,
				5C09D2DE217C85D1006122AE /* Info.plist */,
				5CE3B1AB21A2EEAF000003CB /* fonts */,
				5C61B2492183706E0056A025 /* API.swift */,
				5C09D2D0217C85D0006122AE /* AppDelegate.swift */,
				5C61B24C218451310056A025 /* GraphAPIClient.swift */,
				5C955CD1218B45DE005A0EB1 /* Utilites.swift */,
				5C955CFC2191CDF7005A0EB1 /* UIImage+Colorize.swift */,
				5C7962CB21B579C00007D3A9 /* String+Truncate.swift */,
				5C955CF121907F47005A0EB1 /* Enum */,
				5C09D2D9217C85D1006122AE /* Assets.xcassets */,
				5C955CDE218EC87F005A0EB1 /* Controllers */,
				5C09D2DB217C85D1006122AE /* LaunchScreen.storyboard */,
				5C09D2D6217C85D0006122AE /* Main.storyboard */,
				5CE3B1B421A2F78E000003CB /* TabBarViewController.swift */,
				5C955CDF218EC893005A0EB1 /* Models */,
				5C955CDD218EC86C005A0EB1 /* Views */,
			);
			path = Anilist;
			sourceTree = "<group>";
		};
		5C09D2E6217C85D1006122AE /* AnilistTests */ = {
			isa = PBXGroup;
			children = (
				5C09D2E7217C85D1006122AE /* AnilistTests.swift */,
				5C09D2E9217C85D1006122AE /* Info.plist */,
			);
			path = AnilistTests;
			sourceTree = "<group>";
		};
		5C09D2F1217C85D1006122AE /* AnilistUITests */ = {
			isa = PBXGroup;
			children = (
				5C09D2F2217C85D1006122AE /* AnilistUITests.swift */,
				5C09D2F4217C85D1006122AE /* Info.plist */,
			);
			path = AnilistUITests;
			sourceTree = "<group>";
		};
		5C1CEFC421982B8E00F73CFD /* Presenter */ = {
			isa = PBXGroup;
			children = (
				5C955CE6218F4158005A0EB1 /* MediaListPresenter.swift */,
				5CE3B1D521A7D256000003CB /* SearchConditionPresenter.swift */,
				5C1CEFC22197D4F400F73CFD /* MediaDetailPresenter.swift */,
			);
			path = Presenter;
			sourceTree = "<group>";
		};
		5C1CEFD121986FBC00F73CFD /* MediaDetail */ = {
			isa = PBXGroup;
			children = (
				5C1CEFCD219860D500F73CFD /* MediaDetailStoryTableViewCell.swift */,
				5C1CEFCE219860D500F73CFD /* MediaDetailStoryTableViewCell.xib */,
				5C1CEFD22198747E00F73CFD /* MediaDetailTableViewHeaderFooterView.swift */,
				5C1CEFD42198748D00F73CFD /* MediaDetailTableViewHeaderFooterView.xib */,
				5C7962CD21B81AE50007D3A9 /* MediaDetailReviewTableViewCellDelegate.swift */,
				5C7962BF21B375520007D3A9 /* MediaDetailReviewTableViewCell.swift */,
				5C7962C021B375520007D3A9 /* MediaDetailReviewTableViewCell.xib */,
			);
			path = MediaDetail;
			sourceTree = "<group>";
		};
		5C955CDD218EC86C005A0EB1 /* Views */ = {
			isa = PBXGroup;
			children = (
				5CE3B1D421A7CBB2000003CB /* SearchDetail */,
				5C1CEFD121986FBC00F73CFD /* MediaDetail */,
				5CE3B1A821A05C8A000003CB /* MediaList */,
				5CE3B1AA21A05CB2000003CB /* MediaCollection */,
				5CE3B1A921A05C9D000003CB /* Common */,
				5CE3B22921A82C59000003CB /* SearchDecisionButton.swift */,
				5CC999D821A85F13004D2382 /* SearchDecisionButtonDelegate.swift */,
				5CE3B22D21A8397E000003CB /* SearchDoneButton.swift */,
				5CC999DA21A862C6004D2382 /* SearchDoneButtonDelegate.swift */,
				5CE3B25A21A85205000003CB /* RightDetailStyleTableViewCell.swift */,
				5CE3B25B21A85205000003CB /* RightDetailStyleTableViewCell.xib */,
				5CE3B26221A8544B000003CB /* FilterButton.swift */,
				5CE3B26621A85525000003CB /* MenuButton.swift */,
			);
			path = Views;
			sourceTree = "<group>";
		};
		5C955CDE218EC87F005A0EB1 /* Controllers */ = {
			isa = PBXGroup;
			children = (
				5CE3B21521A8203A000003CB /* SearchSelectTypeTableViewController.swift */,
				5CE3B21621A8203A000003CB /* SearchSelectTypeTableViewController.xib */,
				5CE3B21D21A82530000003CB /* SearchSelectSeasonTableViewController.swift */,
				5CE3B21E21A82530000003CB /* SearchSelectSeasonTableViewController.xib */,
				5CE3B23121A83F3E000003CB /* SearchBottomToolViewController.swift */,
				5CE3B23221A83F3E000003CB /* SearchBottomToolViewController.xib */,
				5CE3B24121A846B7000003CB /* SearchSelectSeasonViewController.swift */,
				5CE3B24221A846B8000003CB /* SearchSelectSeasonViewController.xib */,
				5CC999DC21A86C26004D2382 /* SearchSelectTypeViewController.swift */,
				5CC999DD21A86C26004D2382 /* SearchSelectTypeViewController.xib */,
				5CE3B1B821A43526000003CB /* SearchDetailViewController.swift */,
				5CE3B1B921A43526000003CB /* SearchDetailViewController.xib */,
				5C955CFE2191D748005A0EB1 /* MediaDetailViewController.swift */,
				5C955CFF2191D748005A0EB1 /* MediaDetailViewController.xib */,
				5C7962C921B3EEAC0007D3A9 /* MediaDetailTableViewSectionType.swift */,
				5C7962B321B2787D0007D3A9 /* ContainerView.swift */,
				5C7962B921B2CAFD0007D3A9 /* ScrollableUIControlTableView.swift */,
				5C7962AF21B274720007D3A9 /* MediaDetailHeaderViewController.swift */,
				5C7962B021B274720007D3A9 /* MediaDetailHeaderViewController.xib */,
				5C09D2D2217C85D0006122AE /* MediaListViewController.swift */,
				5C09D2D4217C85D0006122AE /* MediaCollectionViewController.swift */,
			);
			path = Controllers;
			sourceTree = "<group>";
		};
		5C955CDF218EC893005A0EB1 /* Models */ = {
			isa = PBXGroup;
			children = (
				5C955CE821907D22005A0EB1 /* Entity */,
				5C1CEFC72198309C00F73CFD /* MediaDetailModel.graphql */,
				5C1CEFC52198306B00F73CFD /* MediaDetailModel.swift */,
				5C61B2432183678B0056A025 /* MediaSearchModel.graphql */,
				5C61B24721836FE20056A025 /* MediaSearchModel.swift */,
			);
			path = Models;
			sourceTree = "<group>";
		};
		5C955CE821907D22005A0EB1 /* Entity */ = {
			isa = PBXGroup;
			children = (
				5C955CEB21907D62005A0EB1 /* Fragment */,
				5C955CFA219082F9005A0EB1 /* FuzzyDate.swift */,
				5C955CE921907D3D005A0EB1 /* Media.swift */,
				5C955CF821908247005A0EB1 /* MediaCoverImage.swift */,
				5C955CEE21907EC0005A0EB1 /* MediaTitle.swift */,
				5C955CD7218EB845005A0EB1 /* PageInfo.swift */,
			);
			path = Entity;
			sourceTree = "<group>";
		};
		5C955CEB21907D62005A0EB1 /* Fragment */ = {
			isa = PBXGroup;
			children = (
				5C955CEC21907D98005A0EB1 /* MediaListViewFragment.swift */,
				5C1CEFC92198322000F73CFD /* MediaDetailViewFragment.swift */,
			);
			path = Fragment;
			sourceTree = "<group>";
		};
		5C955CF121907F47005A0EB1 /* Enum */ = {
			isa = PBXGroup;
			children = (
				5CE3B1C021A7C1D1000003CB /* SearchDetailTableRowType.swift */,
				5CE3B1C421A7C42A000003CB /* SearchDetailType.swift */,
				5CE3B22521A825BF000003CB /* SearchDetailSeasonType.swift */,
				5C955CF421907FA9005A0EB1 /* MediaDetailMediaFormat.swift */,
				5C955CF621908159005A0EB1 /* MediaStatus.swift */,
			);
			path = Enum;
			sourceTree = "<group>";
		};
		5CE3B1A821A05C8A000003CB /* MediaList */ = {
			isa = PBXGroup;
			children = (
				5C1CEFD62199AB9900F73CFD /* MediaListTableViewCell.swift */,
				5C1CEFD72199AB9900F73CFD /* MediaListTableViewCell.xib */,
			);
			path = MediaList;
			sourceTree = "<group>";
		};
		5CE3B1A921A05C9D000003CB /* Common */ = {
			isa = PBXGroup;
			children = (
				5C955CE0218F3A69005A0EB1 /* LoadingFooterView.swift */,
				5C955CE4218F3ACF005A0EB1 /* LoadingFooterView.xib */,
			);
			path = Common;
			sourceTree = "<group>";
		};
		5CE3B1AA21A05CB2000003CB /* MediaCollection */ = {
			isa = PBXGroup;
			children = (
				5C955CD9218EC2B0005A0EB1 /* ImageCollectionViewCell.swift */,
				5C955CDA218EC2B0005A0EB1 /* ImageCollectionViewCell.xib */,
			);
			path = MediaCollection;
			sourceTree = "<group>";
		};
		5CE3B1AB21A2EEAF000003CB /* fonts */ = {
			isa = PBXGroup;
			children = (
				5CE3B1AC21A2EED8000003CB /* Linearicons-Free.ttf */,
				5CE3B1B021A2F55D000003CB /* IconFont.swift */,
			);
			path = fonts;
			sourceTree = "<group>";
		};
		5CE3B1D421A7CBB2000003CB /* SearchDetail */ = {
			isa = PBXGroup;
			children = (
				5CE3B1CC21A7C6CA000003CB /* SearchDetailYearTableViewCell.swift */,
				5CC999E221AAC554004D2382 /* SearchDetailYearTableViewCellDelegate.swift */,
				5CE3B1CD21A7C6CA000003CB /* SearchDetailYearTableViewCell.xib */,
			);
			path = SearchDetail;
			sourceTree = "<group>";
		};
		5CE3B1D921A7DD45000003CB /* New Group */ = {
			isa = PBXGroup;
			children = (
				5CE3B1DA21A7DD66000003CB /* Calendar.playground */,
			);
			path = "New Group";
			sourceTree = "<group>";
		};
		5CE3B24921A84C08000003CB /* Protocol */ = {
			isa = PBXGroup;
			children = (
				5CE3B24A21A84C1A000003CB /* SearchSelectViewControllerProtocol.swift */,
				5CC999E021A9003F004D2382 /* SearchDetailNavigationItemViewControllerProtocol.swift */,
				5CC999D621A85CD2004D2382 /* SearchSelectTypeTableViewControllerProtocol.swift */,
			);
			path = Protocol;
			sourceTree = "<group>";
		};
		5CFB2BD7218212920088BD65 /* Frameworks */ = {
			isa = PBXGroup;
			children = (
				5CFB2BD8218212920088BD65 /* Apollo.framework */,
			);
			name = Frameworks;
			sourceTree = "<group>";
		};
/* End PBXGroup section */

/* Begin PBXNativeTarget section */
		5C09D2CC217C85D0006122AE /* Anilist */ = {
			isa = PBXNativeTarget;
			buildConfigurationList = 5C09D2F7217C85D1006122AE /* Build configuration list for PBXNativeTarget "Anilist" */;
			buildPhases = (
				5CFB2BD6218209B10088BD65 /* Generate Apollo GraphQL API */,
				5C09D2C9217C85D0006122AE /* Sources */,
				5C09D2CA217C85D0006122AE /* Frameworks */,
				5C09D2CB217C85D0006122AE /* Resources */,
				5CFB2BD5218201400088BD65 /* Run Script */,
			);
			buildRules = (
			);
			dependencies = (
			);
			name = Anilist;
			productName = Anilist;
			productReference = 5C09D2CD217C85D0006122AE /* Anilist.app */;
			productType = "com.apple.product-type.application";
		};
		5C09D2E2217C85D1006122AE /* AnilistTests */ = {
			isa = PBXNativeTarget;
			buildConfigurationList = 5C09D2FA217C85D1006122AE /* Build configuration list for PBXNativeTarget "AnilistTests" */;
			buildPhases = (
				5C09D2DF217C85D1006122AE /* Sources */,
				5C09D2E0217C85D1006122AE /* Frameworks */,
				5C09D2E1217C85D1006122AE /* Resources */,
			);
			buildRules = (
			);
			dependencies = (
				5C09D2E5217C85D1006122AE /* PBXTargetDependency */,
			);
			name = AnilistTests;
			productName = AnilistTests;
			productReference = 5C09D2E3217C85D1006122AE /* AnilistTests.xctest */;
			productType = "com.apple.product-type.bundle.unit-test";
		};
		5C09D2ED217C85D1006122AE /* AnilistUITests */ = {
			isa = PBXNativeTarget;
			buildConfigurationList = 5C09D2FD217C85D1006122AE /* Build configuration list for PBXNativeTarget "AnilistUITests" */;
			buildPhases = (
				5C09D2EA217C85D1006122AE /* Sources */,
				5C09D2EB217C85D1006122AE /* Frameworks */,
				5C09D2EC217C85D1006122AE /* Resources */,
			);
			buildRules = (
			);
			dependencies = (
				5C09D2F0217C85D1006122AE /* PBXTargetDependency */,
			);
			name = AnilistUITests;
			productName = AnilistUITests;
			productReference = 5C09D2EE217C85D1006122AE /* AnilistUITests.xctest */;
			productType = "com.apple.product-type.bundle.ui-testing";
		};
/* End PBXNativeTarget section */

/* Begin PBXProject section */
		5C09D2C5217C85D0006122AE /* Project object */ = {
			isa = PBXProject;
			attributes = {
				LastSwiftUpdateCheck = 1000;
				LastUpgradeCheck = 1000;
				ORGANIZATIONNAME = NaotoIto;
				TargetAttributes = {
					5C09D2CC217C85D0006122AE = {
						CreatedOnToolsVersion = 10.0;
					};
					5C09D2E2217C85D1006122AE = {
						CreatedOnToolsVersion = 10.0;
						TestTargetID = 5C09D2CC217C85D0006122AE;
					};
					5C09D2ED217C85D1006122AE = {
						CreatedOnToolsVersion = 10.0;
						TestTargetID = 5C09D2CC217C85D0006122AE;
					};
				};
			};
			buildConfigurationList = 5C09D2C8217C85D0006122AE /* Build configuration list for PBXProject "Anilist" */;
			compatibilityVersion = "Xcode 9.3";
			developmentRegion = en;
			hasScannedForEncodings = 0;
			knownRegions = (
				en,
				Base,
			);
			mainGroup = 5C09D2C4217C85D0006122AE;
			productRefGroup = 5C09D2CE217C85D0006122AE /* Products */;
			projectDirPath = "";
			projectRoot = "";
			targets = (
				5C09D2CC217C85D0006122AE /* Anilist */,
				5C09D2E2217C85D1006122AE /* AnilistTests */,
				5C09D2ED217C85D1006122AE /* AnilistUITests */,
			);
		};
/* End PBXProject section */

/* Begin PBXResourcesBuildPhase section */
		5C09D2CB217C85D0006122AE /* Resources */ = {
			isa = PBXResourcesBuildPhase;
			buildActionMask = 2147483647;
			files = (
				5CE3B22221A82530000003CB /* SearchSelectSeasonTableViewController.xib in Resources */,
				5C1CEFD52198748D00F73CFD /* MediaDetailTableViewHeaderFooterView.xib in Resources */,
				5C1CEFD92199AB9900F73CFD /* MediaListTableViewCell.xib in Resources */,
				5C7962C221B375520007D3A9 /* MediaDetailReviewTableViewCell.xib in Resources */,
				5C1CEFD0219860D500F73CFD /* MediaDetailStoryTableViewCell.xib in Resources */,
				5CE3B1D121A7C6CA000003CB /* SearchDetailYearTableViewCell.xib in Resources */,
				5C09D2DD217C85D1006122AE /* LaunchScreen.storyboard in Resources */,
				5C1CEFC82198309C00F73CFD /* MediaDetailModel.graphql in Resources */,
				5C09D2DA217C85D1006122AE /* Assets.xcassets in Resources */,
				5CE3B1AD21A2EED8000003CB /* Linearicons-Free.ttf in Resources */,
				5CE3B25F21A85205000003CB /* RightDetailStyleTableViewCell.xib in Resources */,
				5C09D2D8217C85D0006122AE /* Main.storyboard in Resources */,
				5CE3B23621A83F3E000003CB /* SearchBottomToolViewController.xib in Resources */,
				5C955CE5218F3ACF005A0EB1 /* LoadingFooterView.xib in Resources */,
				5CE3B1BD21A43526000003CB /* SearchDetailViewController.xib in Resources */,
				5C7962B221B274720007D3A9 /* MediaDetailHeaderViewController.xib in Resources */,
				5CC999DF21A86C27004D2382 /* SearchSelectTypeViewController.xib in Resources */,
				5C61B2442183678B0056A025 /* MediaSearchModel.graphql in Resources */,
				5C955D012191D748005A0EB1 /* MediaDetailViewController.xib in Resources */,
				5CE3B24621A846B8000003CB /* SearchSelectSeasonViewController.xib in Resources */,
				5C955CDC218EC2B0005A0EB1 /* ImageCollectionViewCell.xib in Resources */,
				5CE3B21A21A8203A000003CB /* SearchSelectTypeTableViewController.xib in Resources */,
			);
			runOnlyForDeploymentPostprocessing = 0;
		};
		5C09D2E1217C85D1006122AE /* Resources */ = {
			isa = PBXResourcesBuildPhase;
			buildActionMask = 2147483647;
			files = (
				5CE3B24721A846B8000003CB /* SearchSelectSeasonViewController.xib in Resources */,
				5CE3B1AE21A2EED8000003CB /* Linearicons-Free.ttf in Resources */,
				5CE3B26021A85205000003CB /* RightDetailStyleTableViewCell.xib in Resources */,
				5CE3B1BE21A43526000003CB /* SearchDetailViewController.xib in Resources */,
				5CE3B1D221A7C6CA000003CB /* SearchDetailYearTableViewCell.xib in Resources */,
				5CE3B21B21A8203A000003CB /* SearchSelectTypeTableViewController.xib in Resources */,
				5CE3B22321A82530000003CB /* SearchSelectSeasonTableViewController.xib in Resources */,
				5CE3B23721A83F3E000003CB /* SearchBottomToolViewController.xib in Resources */,
			);
			runOnlyForDeploymentPostprocessing = 0;
		};
		5C09D2EC217C85D1006122AE /* Resources */ = {
			isa = PBXResourcesBuildPhase;
			buildActionMask = 2147483647;
			files = (
				5CE3B24821A846B8000003CB /* SearchSelectSeasonViewController.xib in Resources */,
				5CE3B1AF21A2EED8000003CB /* Linearicons-Free.ttf in Resources */,
				5CE3B26121A85205000003CB /* RightDetailStyleTableViewCell.xib in Resources */,
				5CE3B1BF21A43526000003CB /* SearchDetailViewController.xib in Resources */,
				5CE3B1D321A7C6CA000003CB /* SearchDetailYearTableViewCell.xib in Resources */,
				5CE3B21C21A8203A000003CB /* SearchSelectTypeTableViewController.xib in Resources */,
				5CE3B22421A82530000003CB /* SearchSelectSeasonTableViewController.xib in Resources */,
				5CE3B23821A83F3E000003CB /* SearchBottomToolViewController.xib in Resources */,
			);
			runOnlyForDeploymentPostprocessing = 0;
		};
/* End PBXResourcesBuildPhase section */

/* Begin PBXShellScriptBuildPhase section */
		5CFB2BD5218201400088BD65 /* Run Script */ = {
			isa = PBXShellScriptBuildPhase;
			buildActionMask = 2147483647;
			files = (
			);
			inputFileListPaths = (
			);
			inputPaths = (
				"$(SRCROOT)/Carthage/Build/iOS/Apollo.framework",
			);
			name = "Run Script";
			outputFileListPaths = (
			);
			outputPaths = (
			);
			runOnlyForDeploymentPostprocessing = 0;
			shellPath = /bin/sh;
			shellScript = "# Type a script or drag a script file from your workspace to insert its path.\necho \"Carthage copy frameworks Step\"\n/usr/local/bin/carthage copy-frameworks\n";
		};
		5CFB2BD6218209B10088BD65 /* Generate Apollo GraphQL API */ = {
			isa = PBXShellScriptBuildPhase;
			buildActionMask = 2147483647;
			files = (
			);
			inputFileListPaths = (
			);
			inputPaths = (
			);
			name = "Generate Apollo GraphQL API";
			outputFileListPaths = (
			);
			outputPaths = (
			);
			runOnlyForDeploymentPostprocessing = 0;
			shellPath = /bin/sh;
			shellScript = "echo \"Apollo Codegen Step\"\nAPOLLO_FRAMEWORK_PATH=\"$(eval find $FRAMEWORK_SEARCH_PATHS -name \"Apollo.framework\" -maxdepth 1)\"\n\nif [ -z \"$APOLLO_FRAMEWORK_PATH\" ]; then\necho \"error: Couldn't find Apollo.framework in FRAMEWORK_SEARCH_PATHS; make sure to add the framework to your project.\"\nexit 1\nfi\n\ncd \"${SRCROOT}/${TARGET_NAME}/\"\n$APOLLO_FRAMEWORK_PATH/check-and-run-apollo-cli.sh codegen:generate API.swift --queries=\"$(find . -name '*.graphql')\" --schema=schema.json\n";
		};
/* End PBXShellScriptBuildPhase section */

/* Begin PBXSourcesBuildPhase section */
		5C09D2C9217C85D0006122AE /* Sources */ = {
			isa = PBXSourcesBuildPhase;
			buildActionMask = 2147483647;
			files = (
				5C1CEFCF219860D500F73CFD /* MediaDetailStoryTableViewCell.swift in Sources */,
				5C09D2D5217C85D0006122AE /* MediaCollectionViewController.swift in Sources */,
				5C955CEF21907EC0005A0EB1 /* MediaTitle.swift in Sources */,
				5CE3B24B21A84C1A000003CB /* SearchSelectViewControllerProtocol.swift in Sources */,
				5C61B24821836FE20056A025 /* MediaSearchModel.swift in Sources */,
				5C1CEFC62198306B00F73CFD /* MediaDetailModel.swift in Sources */,
				5C1CEFD82199AB9900F73CFD /* MediaListTableViewCell.swift in Sources */,
				5CC999D921A85F13004D2382 /* SearchDecisionButtonDelegate.swift in Sources */,
				5CE3B23321A83F3E000003CB /* SearchBottomToolViewController.swift in Sources */,
				5C955CEA21907D3D005A0EB1 /* Media.swift in Sources */,
				5CE3B22621A825BF000003CB /* SearchDetailSeasonType.swift in Sources */,
				5CC999DE21A86C27004D2382 /* SearchSelectTypeViewController.swift in Sources */,
				5CC999D721A85CD2004D2382 /* SearchSelectTypeTableViewControllerProtocol.swift in Sources */,
				5C955CF521907FA9005A0EB1 /* MediaDetailMediaFormat.swift in Sources */,
				5CE3B24321A846B8000003CB /* SearchSelectSeasonViewController.swift in Sources */,
				5C955CED21907D98005A0EB1 /* MediaListViewFragment.swift in Sources */,
				5CE3B22A21A82C59000003CB /* SearchDecisionButton.swift in Sources */,
				5C61B24D218451310056A025 /* GraphAPIClient.swift in Sources */,
				5C1CEFD32198747E00F73CFD /* MediaDetailTableViewHeaderFooterView.swift in Sources */,
				5CE3B21F21A82530000003CB /* SearchSelectSeasonTableViewController.swift in Sources */,
				5CC999E321AAC554004D2382 /* SearchDetailYearTableViewCellDelegate.swift in Sources */,
				5C09D2D1217C85D0006122AE /* AppDelegate.swift in Sources */,
				5CE3B1CE21A7C6CA000003CB /* SearchDetailYearTableViewCell.swift in Sources */,
				5CE3B26721A85526000003CB /* MenuButton.swift in Sources */,
				5C955CD8218EB845005A0EB1 /* PageInfo.swift in Sources */,
				5C955CFB219082F9005A0EB1 /* FuzzyDate.swift in Sources */,
				5C09D2D3217C85D0006122AE /* MediaListViewController.swift in Sources */,
				5CE3B25C21A85205000003CB /* RightDetailStyleTableViewCell.swift in Sources */,
				5CE3B1BA21A43526000003CB /* SearchDetailViewController.swift in Sources */,
				5C1CEFC32197D4F400F73CFD /* MediaDetailPresenter.swift in Sources */,
				5CE3B1C121A7C1D1000003CB /* SearchDetailTableRowType.swift in Sources */,
				5CC999DB21A862C6004D2382 /* SearchDoneButtonDelegate.swift in Sources */,
				5CE3B1B121A2F55D000003CB /* IconFont.swift in Sources */,
				5C7962BA21B2CAFD0007D3A9 /* ScrollableUIControlTableView.swift in Sources */,
				5CE3B1B521A2F78E000003CB /* TabBarViewController.swift in Sources */,
				5C955CFD2191CDF8005A0EB1 /* UIImage+Colorize.swift in Sources */,
				5C955CF721908159005A0EB1 /* MediaStatus.swift in Sources */,
				5C7962B421B2787D0007D3A9 /* ContainerView.swift in Sources */,
				5CC999E121A9003F004D2382 /* SearchDetailNavigationItemViewControllerProtocol.swift in Sources */,
				5C7962B121B274720007D3A9 /* MediaDetailHeaderViewController.swift in Sources */,
				5C955CF921908247005A0EB1 /* MediaCoverImage.swift in Sources */,
				5C955CDB218EC2B0005A0EB1 /* ImageCollectionViewCell.swift in Sources */,
				5C61B24A2183706E0056A025 /* API.swift in Sources */,
				5C7962CA21B3EEAC0007D3A9 /* MediaDetailTableViewSectionType.swift in Sources */,
				5C1CEFCA2198322000F73CFD /* MediaDetailViewFragment.swift in Sources */,
				5C955CE1218F3A69005A0EB1 /* LoadingFooterView.swift in Sources */,
				5CE3B26321A8544B000003CB /* FilterButton.swift in Sources */,
				5CE3B1C521A7C42A000003CB /* SearchDetailType.swift in Sources */,
				5C955CE7218F4158005A0EB1 /* MediaListPresenter.swift in Sources */,
				5C955CD2218B45DE005A0EB1 /* Utilites.swift in Sources */,
				5CE3B21721A8203A000003CB /* SearchSelectTypeTableViewController.swift in Sources */,
				5C7962CE21B81AE50007D3A9 /* MediaDetailReviewTableViewCellDelegate.swift in Sources */,
				5CE3B1D621A7D256000003CB /* SearchConditionPresenter.swift in Sources */,
				5C7962CC21B579C00007D3A9 /* String+Truncate.swift in Sources */,
				5C955D002191D748005A0EB1 /* MediaDetailViewController.swift in Sources */,
				5CE3B22E21A8397E000003CB /* SearchDoneButton.swift in Sources */,
				5C7962C121B375520007D3A9 /* MediaDetailReviewTableViewCell.swift in Sources */,
			);
			runOnlyForDeploymentPostprocessing = 0;
		};
		5C09D2DF217C85D1006122AE /* Sources */ = {
			isa = PBXSourcesBuildPhase;
			buildActionMask = 2147483647;
			files = (
				5CE3B22721A825BF000003CB /* SearchDetailSeasonType.swift in Sources */,
				5CE3B22B21A82C59000003CB /* SearchDecisionButton.swift in Sources */,
				5C09D2E8217C85D1006122AE /* AnilistTests.swift in Sources */,
				5CE3B1B621A2F78E000003CB /* TabBarViewController.swift in Sources */,
				5CE3B24C21A84C1A000003CB /* SearchSelectViewControllerProtocol.swift in Sources */,
				5CE3B24421A846B8000003CB /* SearchSelectSeasonViewController.swift in Sources */,
				5CE3B1CF21A7C6CA000003CB /* SearchDetailYearTableViewCell.swift in Sources */,
				5CE3B26421A8544B000003CB /* FilterButton.swift in Sources */,
				5CE3B22F21A8397E000003CB /* SearchDoneButton.swift in Sources */,
				5CE3B1BB21A43526000003CB /* SearchDetailViewController.swift in Sources */,
				5CE3B22021A82530000003CB /* SearchSelectSeasonTableViewController.swift in Sources */,
				5CE3B25D21A85205000003CB /* RightDetailStyleTableViewCell.swift in Sources */,
				5CE3B21821A8203A000003CB /* SearchSelectTypeTableViewController.swift in Sources */,
				5CE3B1D721A7D256000003CB /* SearchConditionPresenter.swift in Sources */,
				5CE3B1B221A2F55D000003CB /* IconFont.swift in Sources */,
				5CE3B26821A85526000003CB /* MenuButton.swift in Sources */,
				5CE3B23421A83F3E000003CB /* SearchBottomToolViewController.swift in Sources */,
			);
			runOnlyForDeploymentPostprocessing = 0;
		};
		5C09D2EA217C85D1006122AE /* Sources */ = {
			isa = PBXSourcesBuildPhase;
			buildActionMask = 2147483647;
			files = (
				5CE3B22821A825BF000003CB /* SearchDetailSeasonType.swift in Sources */,
				5CE3B22C21A82C59000003CB /* SearchDecisionButton.swift in Sources */,
				5C09D2F3217C85D1006122AE /* AnilistUITests.swift in Sources */,
				5CE3B1B721A2F78E000003CB /* TabBarViewController.swift in Sources */,
				5CE3B24D21A84C1A000003CB /* SearchSelectViewControllerProtocol.swift in Sources */,
				5CE3B24521A846B8000003CB /* SearchSelectSeasonViewController.swift in Sources */,
				5CE3B1D021A7C6CA000003CB /* SearchDetailYearTableViewCell.swift in Sources */,
				5CE3B26521A8544B000003CB /* FilterButton.swift in Sources */,
				5CE3B23021A8397E000003CB /* SearchDoneButton.swift in Sources */,
				5CE3B1BC21A43526000003CB /* SearchDetailViewController.swift in Sources */,
				5CE3B22121A82530000003CB /* SearchSelectSeasonTableViewController.swift in Sources */,
				5CE3B25E21A85205000003CB /* RightDetailStyleTableViewCell.swift in Sources */,
				5CE3B21921A8203A000003CB /* SearchSelectTypeTableViewController.swift in Sources */,
				5CE3B1D821A7D256000003CB /* SearchConditionPresenter.swift in Sources */,
				5CE3B1B321A2F55D000003CB /* IconFont.swift in Sources */,
				5CE3B26921A85526000003CB /* MenuButton.swift in Sources */,
				5CE3B23521A83F3E000003CB /* SearchBottomToolViewController.swift in Sources */,
			);
			runOnlyForDeploymentPostprocessing = 0;
		};
/* End PBXSourcesBuildPhase section */

/* Begin PBXTargetDependency section */
		5C09D2E5217C85D1006122AE /* PBXTargetDependency */ = {
			isa = PBXTargetDependency;
			target = 5C09D2CC217C85D0006122AE /* Anilist */;
			targetProxy = 5C09D2E4217C85D1006122AE /* PBXContainerItemProxy */;
		};
		5C09D2F0217C85D1006122AE /* PBXTargetDependency */ = {
			isa = PBXTargetDependency;
			target = 5C09D2CC217C85D0006122AE /* Anilist */;
			targetProxy = 5C09D2EF217C85D1006122AE /* PBXContainerItemProxy */;
		};
/* End PBXTargetDependency section */

/* Begin PBXVariantGroup section */
		5C09D2D6217C85D0006122AE /* Main.storyboard */ = {
			isa = PBXVariantGroup;
			children = (
				5C09D2D7217C85D0006122AE /* Base */,
			);
			name = Main.storyboard;
			sourceTree = "<group>";
		};
		5C09D2DB217C85D1006122AE /* LaunchScreen.storyboard */ = {
			isa = PBXVariantGroup;
			children = (
				5C09D2DC217C85D1006122AE /* Base */,
			);
			name = LaunchScreen.storyboard;
			sourceTree = "<group>";
		};
/* End PBXVariantGroup section */

/* Begin XCBuildConfiguration section */
		5C09D2F5217C85D1006122AE /* Debug */ = {
			isa = XCBuildConfiguration;
			buildSettings = {
				ALWAYS_SEARCH_USER_PATHS = NO;
				CLANG_ANALYZER_NONNULL = YES;
				CLANG_ANALYZER_NUMBER_OBJECT_CONVERSION = YES_AGGRESSIVE;
				CLANG_CXX_LANGUAGE_STANDARD = "gnu++14";
				CLANG_CXX_LIBRARY = "libc++";
				CLANG_ENABLE_MODULES = YES;
				CLANG_ENABLE_OBJC_ARC = YES;
				CLANG_ENABLE_OBJC_WEAK = YES;
				CLANG_WARN_BLOCK_CAPTURE_AUTORELEASING = YES;
				CLANG_WARN_BOOL_CONVERSION = YES;
				CLANG_WARN_COMMA = YES;
				CLANG_WARN_CONSTANT_CONVERSION = YES;
				CLANG_WARN_DEPRECATED_OBJC_IMPLEMENTATIONS = YES;
				CLANG_WARN_DIRECT_OBJC_ISA_USAGE = YES_ERROR;
				CLANG_WARN_DOCUMENTATION_COMMENTS = YES;
				CLANG_WARN_EMPTY_BODY = YES;
				CLANG_WARN_ENUM_CONVERSION = YES;
				CLANG_WARN_INFINITE_RECURSION = YES;
				CLANG_WARN_INT_CONVERSION = YES;
				CLANG_WARN_NON_LITERAL_NULL_CONVERSION = YES;
				CLANG_WARN_OBJC_IMPLICIT_RETAIN_SELF = YES;
				CLANG_WARN_OBJC_LITERAL_CONVERSION = YES;
				CLANG_WARN_OBJC_ROOT_CLASS = YES_ERROR;
				CLANG_WARN_RANGE_LOOP_ANALYSIS = YES;
				CLANG_WARN_STRICT_PROTOTYPES = YES;
				CLANG_WARN_SUSPICIOUS_MOVE = YES;
				CLANG_WARN_UNGUARDED_AVAILABILITY = YES_AGGRESSIVE;
				CLANG_WARN_UNREACHABLE_CODE = YES;
				CLANG_WARN__DUPLICATE_METHOD_MATCH = YES;
				CODE_SIGN_IDENTITY = "iPhone Developer";
				COPY_PHASE_STRIP = NO;
				DEBUG_INFORMATION_FORMAT = dwarf;
				ENABLE_STRICT_OBJC_MSGSEND = YES;
				ENABLE_TESTABILITY = YES;
				GCC_C_LANGUAGE_STANDARD = gnu11;
				GCC_DYNAMIC_NO_PIC = NO;
				GCC_NO_COMMON_BLOCKS = YES;
				GCC_OPTIMIZATION_LEVEL = 0;
				GCC_PREPROCESSOR_DEFINITIONS = (
					"DEBUG=1",
					"$(inherited)",
				);
				GCC_WARN_64_TO_32_BIT_CONVERSION = YES;
				GCC_WARN_ABOUT_RETURN_TYPE = YES_ERROR;
				GCC_WARN_UNDECLARED_SELECTOR = YES;
				GCC_WARN_UNINITIALIZED_AUTOS = YES_AGGRESSIVE;
				GCC_WARN_UNUSED_FUNCTION = YES;
				GCC_WARN_UNUSED_VARIABLE = YES;
				IPHONEOS_DEPLOYMENT_TARGET = 12.0;
				MTL_ENABLE_DEBUG_INFO = INCLUDE_SOURCE;
				MTL_FAST_MATH = YES;
				ONLY_ACTIVE_ARCH = YES;
				SDKROOT = iphoneos;
				SWIFT_ACTIVE_COMPILATION_CONDITIONS = DEBUG;
				SWIFT_OPTIMIZATION_LEVEL = "-Onone";
			};
			name = Debug;
		};
		5C09D2F6217C85D1006122AE /* Release */ = {
			isa = XCBuildConfiguration;
			buildSettings = {
				ALWAYS_SEARCH_USER_PATHS = NO;
				CLANG_ANALYZER_NONNULL = YES;
				CLANG_ANALYZER_NUMBER_OBJECT_CONVERSION = YES_AGGRESSIVE;
				CLANG_CXX_LANGUAGE_STANDARD = "gnu++14";
				CLANG_CXX_LIBRARY = "libc++";
				CLANG_ENABLE_MODULES = YES;
				CLANG_ENABLE_OBJC_ARC = YES;
				CLANG_ENABLE_OBJC_WEAK = YES;
				CLANG_WARN_BLOCK_CAPTURE_AUTORELEASING = YES;
				CLANG_WARN_BOOL_CONVERSION = YES;
				CLANG_WARN_COMMA = YES;
				CLANG_WARN_CONSTANT_CONVERSION = YES;
				CLANG_WARN_DEPRECATED_OBJC_IMPLEMENTATIONS = YES;
				CLANG_WARN_DIRECT_OBJC_ISA_USAGE = YES_ERROR;
				CLANG_WARN_DOCUMENTATION_COMMENTS = YES;
				CLANG_WARN_EMPTY_BODY = YES;
				CLANG_WARN_ENUM_CONVERSION = YES;
				CLANG_WARN_INFINITE_RECURSION = YES;
				CLANG_WARN_INT_CONVERSION = YES;
				CLANG_WARN_NON_LITERAL_NULL_CONVERSION = YES;
				CLANG_WARN_OBJC_IMPLICIT_RETAIN_SELF = YES;
				CLANG_WARN_OBJC_LITERAL_CONVERSION = YES;
				CLANG_WARN_OBJC_ROOT_CLASS = YES_ERROR;
				CLANG_WARN_RANGE_LOOP_ANALYSIS = YES;
				CLANG_WARN_STRICT_PROTOTYPES = YES;
				CLANG_WARN_SUSPICIOUS_MOVE = YES;
				CLANG_WARN_UNGUARDED_AVAILABILITY = YES_AGGRESSIVE;
				CLANG_WARN_UNREACHABLE_CODE = YES;
				CLANG_WARN__DUPLICATE_METHOD_MATCH = YES;
				CODE_SIGN_IDENTITY = "iPhone Developer";
				COPY_PHASE_STRIP = NO;
				DEBUG_INFORMATION_FORMAT = "dwarf-with-dsym";
				ENABLE_NS_ASSERTIONS = NO;
				ENABLE_STRICT_OBJC_MSGSEND = YES;
				GCC_C_LANGUAGE_STANDARD = gnu11;
				GCC_NO_COMMON_BLOCKS = YES;
				GCC_WARN_64_TO_32_BIT_CONVERSION = YES;
				GCC_WARN_ABOUT_RETURN_TYPE = YES_ERROR;
				GCC_WARN_UNDECLARED_SELECTOR = YES;
				GCC_WARN_UNINITIALIZED_AUTOS = YES_AGGRESSIVE;
				GCC_WARN_UNUSED_FUNCTION = YES;
				GCC_WARN_UNUSED_VARIABLE = YES;
				IPHONEOS_DEPLOYMENT_TARGET = 12.0;
				MTL_ENABLE_DEBUG_INFO = NO;
				MTL_FAST_MATH = YES;
				SDKROOT = iphoneos;
				SWIFT_COMPILATION_MODE = wholemodule;
				SWIFT_OPTIMIZATION_LEVEL = "-O";
				VALIDATE_PRODUCT = YES;
			};
			name = Release;
		};
		5C09D2F8217C85D1006122AE /* Debug */ = {
			isa = XCBuildConfiguration;
			buildSettings = {
				ASSETCATALOG_COMPILER_APPICON_NAME = AppIcon;
				CODE_SIGN_STYLE = Automatic;
				DEVELOPMENT_TEAM = Z7TTVB9977;
				FRAMEWORK_SEARCH_PATHS = (
					"$(inherited)",
					"$(PROJECT_DIR)/Carthage/Build/iOS",
				);
				INFOPLIST_FILE = Anilist/Info.plist;
				LD_RUNPATH_SEARCH_PATHS = (
					"$(inherited)",
					"@executable_path/Frameworks",
				);
				PRODUCT_BUNDLE_IDENTIFIER = naotoufu.Anilist;
				PRODUCT_NAME = "$(TARGET_NAME)";
				SWIFT_VERSION = 4.2;
				TARGETED_DEVICE_FAMILY = "1,2";
			};
			name = Debug;
		};
		5C09D2F9217C85D1006122AE /* Release */ = {
			isa = XCBuildConfiguration;
			buildSettings = {
				ASSETCATALOG_COMPILER_APPICON_NAME = AppIcon;
				CODE_SIGN_STYLE = Automatic;
				DEVELOPMENT_TEAM = Z7TTVB9977;
				FRAMEWORK_SEARCH_PATHS = (
					"$(inherited)",
					"$(PROJECT_DIR)/Carthage/Build/iOS",
				);
				INFOPLIST_FILE = Anilist/Info.plist;
				LD_RUNPATH_SEARCH_PATHS = (
					"$(inherited)",
					"@executable_path/Frameworks",
				);
				PRODUCT_BUNDLE_IDENTIFIER = naotoufu.Anilist;
				PRODUCT_NAME = "$(TARGET_NAME)";
				SWIFT_VERSION = 4.2;
				TARGETED_DEVICE_FAMILY = "1,2";
			};
			name = Release;
		};
		5C09D2FB217C85D1006122AE /* Debug */ = {
			isa = XCBuildConfiguration;
			buildSettings = {
				ALWAYS_EMBED_SWIFT_STANDARD_LIBRARIES = YES;
				BUNDLE_LOADER = "$(TEST_HOST)";
				CODE_SIGN_STYLE = Automatic;
				DEVELOPMENT_TEAM = Z7TTVB9977;
				INFOPLIST_FILE = AnilistTests/Info.plist;
				LD_RUNPATH_SEARCH_PATHS = (
					"$(inherited)",
					"@executable_path/Frameworks",
					"@loader_path/Frameworks",
				);
				PRODUCT_BUNDLE_IDENTIFIER = naotoufu.AnilistTests;
				PRODUCT_NAME = "$(TARGET_NAME)";
				SWIFT_VERSION = 4.2;
				TARGETED_DEVICE_FAMILY = "1,2";
				TEST_HOST = "$(BUILT_PRODUCTS_DIR)/Anilist.app/Anilist";
			};
			name = Debug;
		};
		5C09D2FC217C85D1006122AE /* Release */ = {
			isa = XCBuildConfiguration;
			buildSettings = {
				ALWAYS_EMBED_SWIFT_STANDARD_LIBRARIES = YES;
				BUNDLE_LOADER = "$(TEST_HOST)";
				CODE_SIGN_STYLE = Automatic;
				DEVELOPMENT_TEAM = Z7TTVB9977;
				INFOPLIST_FILE = AnilistTests/Info.plist;
				LD_RUNPATH_SEARCH_PATHS = (
					"$(inherited)",
					"@executable_path/Frameworks",
					"@loader_path/Frameworks",
				);
				PRODUCT_BUNDLE_IDENTIFIER = naotoufu.AnilistTests;
				PRODUCT_NAME = "$(TARGET_NAME)";
				SWIFT_VERSION = 4.2;
				TARGETED_DEVICE_FAMILY = "1,2";
				TEST_HOST = "$(BUILT_PRODUCTS_DIR)/Anilist.app/Anilist";
			};
			name = Release;
		};
		5C09D2FE217C85D1006122AE /* Debug */ = {
			isa = XCBuildConfiguration;
			buildSettings = {
				ALWAYS_EMBED_SWIFT_STANDARD_LIBRARIES = YES;
				CODE_SIGN_STYLE = Automatic;
				DEVELOPMENT_TEAM = Z7TTVB9977;
				INFOPLIST_FILE = AnilistUITests/Info.plist;
				LD_RUNPATH_SEARCH_PATHS = (
					"$(inherited)",
					"@executable_path/Frameworks",
					"@loader_path/Frameworks",
				);
				PRODUCT_BUNDLE_IDENTIFIER = naotoufu.AnilistUITests;
				PRODUCT_NAME = "$(TARGET_NAME)";
				SWIFT_VERSION = 4.2;
				TARGETED_DEVICE_FAMILY = "1,2";
				TEST_TARGET_NAME = Anilist;
			};
			name = Debug;
		};
		5C09D2FF217C85D1006122AE /* Release */ = {
			isa = XCBuildConfiguration;
			buildSettings = {
				ALWAYS_EMBED_SWIFT_STANDARD_LIBRARIES = YES;
				CODE_SIGN_STYLE = Automatic;
				DEVELOPMENT_TEAM = Z7TTVB9977;
				INFOPLIST_FILE = AnilistUITests/Info.plist;
				LD_RUNPATH_SEARCH_PATHS = (
					"$(inherited)",
					"@executable_path/Frameworks",
					"@loader_path/Frameworks",
				);
				PRODUCT_BUNDLE_IDENTIFIER = naotoufu.AnilistUITests;
				PRODUCT_NAME = "$(TARGET_NAME)";
				SWIFT_VERSION = 4.2;
				TARGETED_DEVICE_FAMILY = "1,2";
				TEST_TARGET_NAME = Anilist;
			};
			name = Release;
		};
/* End XCBuildConfiguration section */

/* Begin XCConfigurationList section */
		5C09D2C8217C85D0006122AE /* Build configuration list for PBXProject "Anilist" */ = {
			isa = XCConfigurationList;
			buildConfigurations = (
				5C09D2F5217C85D1006122AE /* Debug */,
				5C09D2F6217C85D1006122AE /* Release */,
			);
			defaultConfigurationIsVisible = 0;
			defaultConfigurationName = Release;
		};
		5C09D2F7217C85D1006122AE /* Build configuration list for PBXNativeTarget "Anilist" */ = {
			isa = XCConfigurationList;
			buildConfigurations = (
				5C09D2F8217C85D1006122AE /* Debug */,
				5C09D2F9217C85D1006122AE /* Release */,
			);
			defaultConfigurationIsVisible = 0;
			defaultConfigurationName = Release;
		};
		5C09D2FA217C85D1006122AE /* Build configuration list for PBXNativeTarget "AnilistTests" */ = {
			isa = XCConfigurationList;
			buildConfigurations = (
				5C09D2FB217C85D1006122AE /* Debug */,
				5C09D2FC217C85D1006122AE /* Release */,
			);
			defaultConfigurationIsVisible = 0;
			defaultConfigurationName = Release;
		};
		5C09D2FD217C85D1006122AE /* Build configuration list for PBXNativeTarget "AnilistUITests" */ = {
			isa = XCConfigurationList;
			buildConfigurations = (
				5C09D2FE217C85D1006122AE /* Debug */,
				5C09D2FF217C85D1006122AE /* Release */,
			);
			defaultConfigurationIsVisible = 0;
			defaultConfigurationName = Release;
		};
/* End XCConfigurationList section */
	};
	rootObject = 5C09D2C5217C85D0006122AE /* Project object */;
}
