// !$*UTF8*$!
{
	archiveVersion = 1;
	classes = {
	};
	objectVersion = 50;
	objects = {

/* Begin PBXBuildFile section */
		5C09D2D1217C85D0006122AE /* AppDelegate.swift in Sources */ = {isa = PBXBuildFile; fileRef = 5C09D2D0217C85D0006122AE /* AppDelegate.swift */; };
		5C09D2D3217C85D0006122AE /* FirstViewController.swift in Sources */ = {isa = PBXBuildFile; fileRef = 5C09D2D2217C85D0006122AE /* FirstViewController.swift */; };
		5C09D2D5217C85D0006122AE /* SecondViewController.swift in Sources */ = {isa = PBXBuildFile; fileRef = 5C09D2D4217C85D0006122AE /* SecondViewController.swift */; };
		5C09D2D8217C85D0006122AE /* Main.storyboard in Resources */ = {isa = PBXBuildFile; fileRef = 5C09D2D6217C85D0006122AE /* Main.storyboard */; };
		5C09D2DA217C85D1006122AE /* Assets.xcassets in Resources */ = {isa = PBXBuildFile; fileRef = 5C09D2D9217C85D1006122AE /* Assets.xcassets */; };
		5C09D2DD217C85D1006122AE /* LaunchScreen.storyboard in Resources */ = {isa = PBXBuildFile; fileRef = 5C09D2DB217C85D1006122AE /* LaunchScreen.storyboard */; };
		5C09D2E8217C85D1006122AE /* AnilistTests.swift in Sources */ = {isa = PBXBuildFile; fileRef = 5C09D2E7217C85D1006122AE /* AnilistTests.swift */; };
		5C09D2F3217C85D1006122AE /* AnilistUITests.swift in Sources */ = {isa = PBXBuildFile; fileRef = 5C09D2F2217C85D1006122AE /* AnilistUITests.swift */; };
		5C61B2442183678B0056A025 /* MediaSearchModel.graphql in Resources */ = {isa = PBXBuildFile; fileRef = 5C61B2432183678B0056A025 /* MediaSearchModel.graphql */; };
		5C61B24821836FE20056A025 /* MediaSearchModel.swift in Sources */ = {isa = PBXBuildFile; fileRef = 5C61B24721836FE20056A025 /* MediaSearchModel.swift */; };
		5C61B24A2183706E0056A025 /* API.swift in Sources */ = {isa = PBXBuildFile; fileRef = 5C61B2492183706E0056A025 /* API.swift */; };
		5C61B24B218375830056A025 /* Apollo.framework in Frameworks */ = {isa = PBXBuildFile; fileRef = 5CFB2BD8218212920088BD65 /* Apollo.framework */; };
		5C61B24D218451310056A025 /* GraphAPIClient.swift in Sources */ = {isa = PBXBuildFile; fileRef = 5C61B24C218451310056A025 /* GraphAPIClient.swift */; };
		5C955CD2218B45DE005A0EB1 /* Utilites.swift in Sources */ = {isa = PBXBuildFile; fileRef = 5C955CD1218B45DE005A0EB1 /* Utilites.swift */; };
		5C955CD8218EB845005A0EB1 /* PageInfo.swift in Sources */ = {isa = PBXBuildFile; fileRef = 5C955CD7218EB845005A0EB1 /* PageInfo.swift */; };
		5C955CDB218EC2B0005A0EB1 /* ImageCollectionViewCell.swift in Sources */ = {isa = PBXBuildFile; fileRef = 5C955CD9218EC2B0005A0EB1 /* ImageCollectionViewCell.swift */; };
		5C955CDC218EC2B0005A0EB1 /* ImageCollectionViewCell.xib in Resources */ = {isa = PBXBuildFile; fileRef = 5C955CDA218EC2B0005A0EB1 /* ImageCollectionViewCell.xib */; };
		5C955CE1218F3A69005A0EB1 /* LoadingFooterView.swift in Sources */ = {isa = PBXBuildFile; fileRef = 5C955CE0218F3A69005A0EB1 /* LoadingFooterView.swift */; };
		5C955CE5218F3ACF005A0EB1 /* LoadingFooterView.xib in Resources */ = {isa = PBXBuildFile; fileRef = 5C955CE4218F3ACF005A0EB1 /* LoadingFooterView.xib */; };
		5C955CE7218F4158005A0EB1 /* FirstPresenter.swift in Sources */ = {isa = PBXBuildFile; fileRef = 5C955CE6218F4158005A0EB1 /* FirstPresenter.swift */; };
		5C955CEA21907D3D005A0EB1 /* Media.swift in Sources */ = {isa = PBXBuildFile; fileRef = 5C955CE921907D3D005A0EB1 /* Media.swift */; };
		5C955CED21907D98005A0EB1 /* MediaDetail.swift in Sources */ = {isa = PBXBuildFile; fileRef = 5C955CEC21907D98005A0EB1 /* MediaDetail.swift */; };
		5C955CEF21907EC0005A0EB1 /* MediaTitle.swift in Sources */ = {isa = PBXBuildFile; fileRef = 5C955CEE21907EC0005A0EB1 /* MediaTitle.swift */; };
		5C955CF321907F53005A0EB1 /* MediaType.swift in Sources */ = {isa = PBXBuildFile; fileRef = 5C955CF221907F53005A0EB1 /* MediaType.swift */; };
		5C955CF521907FA9005A0EB1 /* MediaFormat.swift in Sources */ = {isa = PBXBuildFile; fileRef = 5C955CF421907FA9005A0EB1 /* MediaFormat.swift */; };
		5C955CF721908159005A0EB1 /* MediaStatus.swift in Sources */ = {isa = PBXBuildFile; fileRef = 5C955CF621908159005A0EB1 /* MediaStatus.swift */; };
		5C955CF921908247005A0EB1 /* MediaCoverImage.swift in Sources */ = {isa = PBXBuildFile; fileRef = 5C955CF821908247005A0EB1 /* MediaCoverImage.swift */; };
		5C955CFB219082F9005A0EB1 /* FuzzyDate.swift in Sources */ = {isa = PBXBuildFile; fileRef = 5C955CFA219082F9005A0EB1 /* FuzzyDate.swift */; };
/* End PBXBuildFile section */

/* Begin PBXContainerItemProxy section */
		5C09D2E4217C85D1006122AE /* PBXContainerItemProxy */ = {
			isa = PBXContainerItemProxy;
			containerPortal = 5C09D2C5217C85D0006122AE /* Project object */;
			proxyType = 1;
			remoteGlobalIDString = 5C09D2CC217C85D0006122AE;
			remoteInfo = Anilist;
		};
		5C09D2EF217C85D1006122AE /* PBXContainerItemProxy */ = {
			isa = PBXContainerItemProxy;
			containerPortal = 5C09D2C5217C85D0006122AE /* Project object */;
			proxyType = 1;
			remoteGlobalIDString = 5C09D2CC217C85D0006122AE;
			remoteInfo = Anilist;
		};
/* End PBXContainerItemProxy section */

/* Begin PBXFileReference section */
		5C09D2CD217C85D0006122AE /* Anilist.app */ = {isa = PBXFileReference; explicitFileType = wrapper.application; includeInIndex = 0; path = Anilist.app; sourceTree = BUILT_PRODUCTS_DIR; };
		5C09D2D0217C85D0006122AE /* AppDelegate.swift */ = {isa = PBXFileReference; lastKnownFileType = sourcecode.swift; path = AppDelegate.swift; sourceTree = "<group>"; };
		5C09D2D2217C85D0006122AE /* FirstViewController.swift */ = {isa = PBXFileReference; lastKnownFileType = sourcecode.swift; path = FirstViewController.swift; sourceTree = "<group>"; };
		5C09D2D4217C85D0006122AE /* SecondViewController.swift */ = {isa = PBXFileReference; lastKnownFileType = sourcecode.swift; path = SecondViewController.swift; sourceTree = "<group>"; };
		5C09D2D7217C85D0006122AE /* Base */ = {isa = PBXFileReference; lastKnownFileType = file.storyboard; name = Base; path = Base.lproj/Main.storyboard; sourceTree = "<group>"; };
		5C09D2D9217C85D1006122AE /* Assets.xcassets */ = {isa = PBXFileReference; lastKnownFileType = folder.assetcatalog; path = Assets.xcassets; sourceTree = "<group>"; };
		5C09D2DC217C85D1006122AE /* Base */ = {isa = PBXFileReference; lastKnownFileType = file.storyboard; name = Base; path = Base.lproj/LaunchScreen.storyboard; sourceTree = "<group>"; };
		5C09D2DE217C85D1006122AE /* Info.plist */ = {isa = PBXFileReference; lastKnownFileType = text.plist.xml; path = Info.plist; sourceTree = "<group>"; };
		5C09D2E3217C85D1006122AE /* AnilistTests.xctest */ = {isa = PBXFileReference; explicitFileType = wrapper.cfbundle; includeInIndex = 0; path = AnilistTests.xctest; sourceTree = BUILT_PRODUCTS_DIR; };
		5C09D2E7217C85D1006122AE /* AnilistTests.swift */ = {isa = PBXFileReference; lastKnownFileType = sourcecode.swift; path = AnilistTests.swift; sourceTree = "<group>"; };
		5C09D2E9217C85D1006122AE /* Info.plist */ = {isa = PBXFileReference; lastKnownFileType = text.plist.xml; path = Info.plist; sourceTree = "<group>"; };
		5C09D2EE217C85D1006122AE /* AnilistUITests.xctest */ = {isa = PBXFileReference; explicitFileType = wrapper.cfbundle; includeInIndex = 0; path = AnilistUITests.xctest; sourceTree = BUILT_PRODUCTS_DIR; };
		5C09D2F2217C85D1006122AE /* AnilistUITests.swift */ = {isa = PBXFileReference; lastKnownFileType = sourcecode.swift; path = AnilistUITests.swift; sourceTree = "<group>"; };
		5C09D2F4217C85D1006122AE /* Info.plist */ = {isa = PBXFileReference; lastKnownFileType = text.plist.xml; path = Info.plist; sourceTree = "<group>"; };
		5C61B2432183678B0056A025 /* MediaSearchModel.graphql */ = {isa = PBXFileReference; lastKnownFileType = text; path = MediaSearchModel.graphql; sourceTree = "<group>"; };
		5C61B24721836FE20056A025 /* MediaSearchModel.swift */ = {isa = PBXFileReference; lastKnownFileType = sourcecode.swift; path = MediaSearchModel.swift; sourceTree = "<group>"; };
		5C61B2492183706E0056A025 /* API.swift */ = {isa = PBXFileReference; fileEncoding = 4; lastKnownFileType = sourcecode.swift; path = API.swift; sourceTree = "<group>"; };
		5C61B24C218451310056A025 /* GraphAPIClient.swift */ = {isa = PBXFileReference; lastKnownFileType = sourcecode.swift; path = GraphAPIClient.swift; sourceTree = "<group>"; };
		5C955CD1218B45DE005A0EB1 /* Utilites.swift */ = {isa = PBXFileReference; lastKnownFileType = sourcecode.swift; path = Utilites.swift; sourceTree = "<group>"; };
		5C955CD7218EB845005A0EB1 /* PageInfo.swift */ = {isa = PBXFileReference; lastKnownFileType = sourcecode.swift; path = PageInfo.swift; sourceTree = "<group>"; };
		5C955CD9218EC2B0005A0EB1 /* ImageCollectionViewCell.swift */ = {isa = PBXFileReference; lastKnownFileType = sourcecode.swift; path = ImageCollectionViewCell.swift; sourceTree = "<group>"; };
		5C955CDA218EC2B0005A0EB1 /* ImageCollectionViewCell.xib */ = {isa = PBXFileReference; lastKnownFileType = file.xib; path = ImageCollectionViewCell.xib; sourceTree = "<group>"; };
		5C955CE0218F3A69005A0EB1 /* LoadingFooterView.swift */ = {isa = PBXFileReference; lastKnownFileType = sourcecode.swift; path = LoadingFooterView.swift; sourceTree = "<group>"; };
		5C955CE4218F3ACF005A0EB1 /* LoadingFooterView.xib */ = {isa = PBXFileReference; lastKnownFileType = file.xib; path = LoadingFooterView.xib; sourceTree = "<group>"; };
		5C955CE6218F4158005A0EB1 /* FirstPresenter.swift */ = {isa = PBXFileReference; lastKnownFileType = sourcecode.swift; path = FirstPresenter.swift; sourceTree = "<group>"; };
		5C955CE921907D3D005A0EB1 /* Media.swift */ = {isa = PBXFileReference; lastKnownFileType = sourcecode.swift; path = Media.swift; sourceTree = "<group>"; };
		5C955CEC21907D98005A0EB1 /* MediaDetail.swift */ = {isa = PBXFileReference; lastKnownFileType = sourcecode.swift; path = MediaDetail.swift; sourceTree = "<group>"; };
		5C955CEE21907EC0005A0EB1 /* MediaTitle.swift */ = {isa = PBXFileReference; lastKnownFileType = sourcecode.swift; path = MediaTitle.swift; sourceTree = "<group>"; };
		5C955CF221907F53005A0EB1 /* MediaType.swift */ = {isa = PBXFileReference; lastKnownFileType = sourcecode.swift; path = MediaType.swift; sourceTree = "<group>"; };
		5C955CF421907FA9005A0EB1 /* MediaFormat.swift */ = {isa = PBXFileReference; lastKnownFileType = sourcecode.swift; path = MediaFormat.swift; sourceTree = "<group>"; };
		5C955CF621908159005A0EB1 /* MediaStatus.swift */ = {isa = PBXFileReference; lastKnownFileType = sourcecode.swift; path = MediaStatus.swift; sourceTree = "<group>"; };
		5C955CF821908247005A0EB1 /* MediaCoverImage.swift */ = {isa = PBXFileReference; lastKnownFileType = sourcecode.swift; path = MediaCoverImage.swift; sourceTree = "<group>"; };
		5C955CFA219082F9005A0EB1 /* FuzzyDate.swift */ = {isa = PBXFileReference; lastKnownFileType = sourcecode.swift; path = FuzzyDate.swift; sourceTree = "<group>"; };
		5CFB2BD8218212920088BD65 /* Apollo.framework */ = {isa = PBXFileReference; lastKnownFileType = wrapper.framework; name = Apollo.framework; path = Carthage/Build/iOS/Apollo.framework; sourceTree = "<group>"; };
/* End PBXFileReference section */

/* Begin PBXFrameworksBuildPhase section */
		5C09D2CA217C85D0006122AE /* Frameworks */ = {
			isa = PBXFrameworksBuildPhase;
			buildActionMask = 2147483647;
			files = (
				5C61B24B218375830056A025 /* Apollo.framework in Frameworks */,
			);
			runOnlyForDeploymentPostprocessing = 0;
		};
		5C09D2E0217C85D1006122AE /* Frameworks */ = {
			isa = PBXFrameworksBuildPhase;
			buildActionMask = 2147483647;
			files = (
			);
			runOnlyForDeploymentPostprocessing = 0;
		};
		5C09D2EB217C85D1006122AE /* Frameworks */ = {
			isa = PBXFrameworksBuildPhase;
			buildActionMask = 2147483647;
			files = (
			);
			runOnlyForDeploymentPostprocessing = 0;
		};
/* End PBXFrameworksBuildPhase section */

/* Begin PBXGroup section */
		5C09D2C4217C85D0006122AE = {
			isa = PBXGroup;
			children = (
				5C09D2CF217C85D0006122AE /* Anilist */,
				5C09D2E6217C85D1006122AE /* AnilistTests */,
				5C09D2F1217C85D1006122AE /* AnilistUITests */,
				5C09D2CE217C85D0006122AE /* Products */,
				5CFB2BD7218212920088BD65 /* Frameworks */,
			);
			sourceTree = "<group>";
		};
		5C09D2CE217C85D0006122AE /* Products */ = {
			isa = PBXGroup;
			children = (
				5C09D2CD217C85D0006122AE /* Anilist.app */,
				5C09D2E3217C85D1006122AE /* AnilistTests.xctest */,
				5C09D2EE217C85D1006122AE /* AnilistUITests.xctest */,
			);
			name = Products;
			sourceTree = "<group>";
		};
		5C09D2CF217C85D0006122AE /* Anilist */ = {
			isa = PBXGroup;
			children = (
				5C09D2DE217C85D1006122AE /* Info.plist */,
				5C61B2492183706E0056A025 /* API.swift */,
				5C09D2D0217C85D0006122AE /* AppDelegate.swift */,
				5C61B24C218451310056A025 /* GraphAPIClient.swift */,
				5C955CD1218B45DE005A0EB1 /* Utilites.swift */,
				5C955CF121907F47005A0EB1 /* Enum */,
				5C09D2D9217C85D1006122AE /* Assets.xcassets */,
				5C955CDE218EC87F005A0EB1 /* Controllers */,
				5C09D2DB217C85D1006122AE /* LaunchScreen.storyboard */,
				5C09D2D6217C85D0006122AE /* Main.storyboard */,
				5C955CDF218EC893005A0EB1 /* Models */,
				5C955CDD218EC86C005A0EB1 /* Views */,
			);
			path = Anilist;
			sourceTree = "<group>";
		};
		5C09D2E6217C85D1006122AE /* AnilistTests */ = {
			isa = PBXGroup;
			children = (
				5C09D2E7217C85D1006122AE /* AnilistTests.swift */,
				5C09D2E9217C85D1006122AE /* Info.plist */,
			);
			path = AnilistTests;
			sourceTree = "<group>";
		};
		5C09D2F1217C85D1006122AE /* AnilistUITests */ = {
			isa = PBXGroup;
			children = (
				5C09D2F2217C85D1006122AE /* AnilistUITests.swift */,
				5C09D2F4217C85D1006122AE /* Info.plist */,
			);
			path = AnilistUITests;
			sourceTree = "<group>";
		};
		5C955CDD218EC86C005A0EB1 /* Views */ = {
			isa = PBXGroup;
			children = (
				5C955CD9218EC2B0005A0EB1 /* ImageCollectionViewCell.swift */,
				5C955CDA218EC2B0005A0EB1 /* ImageCollectionViewCell.xib */,
				5C955CE0218F3A69005A0EB1 /* LoadingFooterView.swift */,
				5C955CE4218F3ACF005A0EB1 /* LoadingFooterView.xib */,
			);
			path = Views;
			sourceTree = "<group>";
		};
		5C955CDE218EC87F005A0EB1 /* Controllers */ = {
			isa = PBXGroup;
			children = (
				5C09D2D2217C85D0006122AE /* FirstViewController.swift */,
				5C955CE6218F4158005A0EB1 /* FirstPresenter.swift */,
				5C09D2D4217C85D0006122AE /* SecondViewController.swift */,
			);
			path = Controllers;
			sourceTree = "<group>";
		};
		5C955CDF218EC893005A0EB1 /* Models */ = {
			isa = PBXGroup;
			children = (
				5C955CE821907D22005A0EB1 /* Entity */,
				5C61B2432183678B0056A025 /* MediaSearchModel.graphql */,
				5C61B24721836FE20056A025 /* MediaSearchModel.swift */,
			);
			path = Models;
			sourceTree = "<group>";
		};
		5C955CE821907D22005A0EB1 /* Entity */ = {
			isa = PBXGroup;
			children = (
				5C955CD7218EB845005A0EB1 /* PageInfo.swift */,
				5C955CE921907D3D005A0EB1 /* Media.swift */,
				5C955CEE21907EC0005A0EB1 /* MediaTitle.swift */,
				5C955CF821908247005A0EB1 /* MediaCoverImage.swift */,
				5C955CFA219082F9005A0EB1 /* FuzzyDate.swift */,
				5C955CEB21907D62005A0EB1 /* Fragment */,
			);
			path = Entity;
			sourceTree = "<group>";
		};
		5C955CEB21907D62005A0EB1 /* Fragment */ = {
			isa = PBXGroup;
			children = (
				5C955CEC21907D98005A0EB1 /* MediaDetail.swift */,
			);
			path = Fragment;
			sourceTree = "<group>";
		};
		5C955CF121907F47005A0EB1 /* Enum */ = {
			isa = PBXGroup;
			children = (
				5C955CF221907F53005A0EB1 /* MediaType.swift */,
				5C955CF421907FA9005A0EB1 /* MediaFormat.swift */,
				5C955CF621908159005A0EB1 /* MediaStatus.swift */,
			);
			path = Enum;
			sourceTree = "<group>";
		};
		5CFB2BD7218212920088BD65 /* Frameworks */ = {
			isa = PBXGroup;
			children = (
				5CFB2BD8218212920088BD65 /* Apollo.framework */,
			);
			name = Frameworks;
			sourceTree = "<group>";
		};
/* End PBXGroup section */

/* Begin PBXNativeTarget section */
		5C09D2CC217C85D0006122AE /* Anilist */ = {
			isa = PBXNativeTarget;
			buildConfigurationList = 5C09D2F7217C85D1006122AE /* Build configuration list for PBXNativeTarget "Anilist" */;
			buildPhases = (
				5CFB2BD6218209B10088BD65 /* Generate Apollo GraphQL API */,
				5C09D2C9217C85D0006122AE /* Sources */,
				5C09D2CA217C85D0006122AE /* Frameworks */,
				5C09D2CB217C85D0006122AE /* Resources */,
				5CFB2BD5218201400088BD65 /* Run Script */,
			);
			buildRules = (
			);
			dependencies = (
			);
			name = Anilist;
			productName = Anilist;
			productReference = 5C09D2CD217C85D0006122AE /* Anilist.app */;
			productType = "com.apple.product-type.application";
		};
		5C09D2E2217C85D1006122AE /* AnilistTests */ = {
			isa = PBXNativeTarget;
			buildConfigurationList = 5C09D2FA217C85D1006122AE /* Build configuration list for PBXNativeTarget "AnilistTests" */;
			buildPhases = (
				5C09D2DF217C85D1006122AE /* Sources */,
				5C09D2E0217C85D1006122AE /* Frameworks */,
				5C09D2E1217C85D1006122AE /* Resources */,
			);
			buildRules = (
			);
			dependencies = (
				5C09D2E5217C85D1006122AE /* PBXTargetDependency */,
			);
			name = AnilistTests;
			productName = AnilistTests;
			productReference = 5C09D2E3217C85D1006122AE /* AnilistTests.xctest */;
			productType = "com.apple.product-type.bundle.unit-test";
		};
		5C09D2ED217C85D1006122AE /* AnilistUITests */ = {
			isa = PBXNativeTarget;
			buildConfigurationList = 5C09D2FD217C85D1006122AE /* Build configuration list for PBXNativeTarget "AnilistUITests" */;
			buildPhases = (
				5C09D2EA217C85D1006122AE /* Sources */,
				5C09D2EB217C85D1006122AE /* Frameworks */,
				5C09D2EC217C85D1006122AE /* Resources */,
			);
			buildRules = (
			);
			dependencies = (
				5C09D2F0217C85D1006122AE /* PBXTargetDependency */,
			);
			name = AnilistUITests;
			productName = AnilistUITests;
			productReference = 5C09D2EE217C85D1006122AE /* AnilistUITests.xctest */;
			productType = "com.apple.product-type.bundle.ui-testing";
		};
/* End PBXNativeTarget section */

/* Begin PBXProject section */
		5C09D2C5217C85D0006122AE /* Project object */ = {
			isa = PBXProject;
			attributes = {
				LastSwiftUpdateCheck = 1000;
				LastUpgradeCheck = 1000;
				ORGANIZATIONNAME = NaotoIto;
				TargetAttributes = {
					5C09D2CC217C85D0006122AE = {
						CreatedOnToolsVersion = 10.0;
					};
					5C09D2E2217C85D1006122AE = {
						CreatedOnToolsVersion = 10.0;
						TestTargetID = 5C09D2CC217C85D0006122AE;
					};
					5C09D2ED217C85D1006122AE = {
						CreatedOnToolsVersion = 10.0;
						TestTargetID = 5C09D2CC217C85D0006122AE;
					};
				};
			};
			buildConfigurationList = 5C09D2C8217C85D0006122AE /* Build configuration list for PBXProject "Anilist" */;
			compatibilityVersion = "Xcode 9.3";
			developmentRegion = en;
			hasScannedForEncodings = 0;
			knownRegions = (
				en,
				Base,
			);
			mainGroup = 5C09D2C4217C85D0006122AE;
			productRefGroup = 5C09D2CE217C85D0006122AE /* Products */;
			projectDirPath = "";
			projectRoot = "";
			targets = (
				5C09D2CC217C85D0006122AE /* Anilist */,
				5C09D2E2217C85D1006122AE /* AnilistTests */,
				5C09D2ED217C85D1006122AE /* AnilistUITests */,
			);
		};
/* End PBXProject section */

/* Begin PBXResourcesBuildPhase section */
		5C09D2CB217C85D0006122AE /* Resources */ = {
			isa = PBXResourcesBuildPhase;
			buildActionMask = 2147483647;
			files = (
				5C09D2DD217C85D1006122AE /* LaunchScreen.storyboard in Resources */,
				5C09D2DA217C85D1006122AE /* Assets.xcassets in Resources */,
				5C09D2D8217C85D0006122AE /* Main.storyboard in Resources */,
				5C955CE5218F3ACF005A0EB1 /* LoadingFooterView.xib in Resources */,
				5C61B2442183678B0056A025 /* MediaSearchModel.graphql in Resources */,
				5C955CDC218EC2B0005A0EB1 /* ImageCollectionViewCell.xib in Resources */,
			);
			runOnlyForDeploymentPostprocessing = 0;
		};
		5C09D2E1217C85D1006122AE /* Resources */ = {
			isa = PBXResourcesBuildPhase;
			buildActionMask = 2147483647;
			files = (
			);
			runOnlyForDeploymentPostprocessing = 0;
		};
		5C09D2EC217C85D1006122AE /* Resources */ = {
			isa = PBXResourcesBuildPhase;
			buildActionMask = 2147483647;
			files = (
			);
			runOnlyForDeploymentPostprocessing = 0;
		};
/* End PBXResourcesBuildPhase section */

/* Begin PBXShellScriptBuildPhase section */
		5CFB2BD5218201400088BD65 /* Run Script */ = {
			isa = PBXShellScriptBuildPhase;
			buildActionMask = 2147483647;
			files = (
			);
			inputFileListPaths = (
			);
			inputPaths = (
				"$(SRCROOT)/Carthage/Build/iOS/Apollo.framework",
			);
			name = "Run Script";
			outputFileListPaths = (
			);
			outputPaths = (
			);
			runOnlyForDeploymentPostprocessing = 0;
			shellPath = /bin/sh;
			shellScript = "# Type a script or drag a script file from your workspace to insert its path.\necho \"Carthage copy frameworks Step\"\n/usr/local/bin/carthage copy-frameworks\n";
		};
		5CFB2BD6218209B10088BD65 /* Generate Apollo GraphQL API */ = {
			isa = PBXShellScriptBuildPhase;
			buildActionMask = 2147483647;
			files = (
			);
			inputFileListPaths = (
			);
			inputPaths = (
			);
			name = "Generate Apollo GraphQL API";
			outputFileListPaths = (
			);
			outputPaths = (
			);
			runOnlyForDeploymentPostprocessing = 0;
			shellPath = /bin/sh;
			shellScript = "echo \"Apollo Codegen Step\"\nAPOLLO_FRAMEWORK_PATH=\"$(eval find $FRAMEWORK_SEARCH_PATHS -name \"Apollo.framework\" -maxdepth 1)\"\n\nif [ -z \"$APOLLO_FRAMEWORK_PATH\" ]; then\necho \"error: Couldn't find Apollo.framework in FRAMEWORK_SEARCH_PATHS; make sure to add the framework to your project.\"\nexit 1\nfi\n\ncd \"${SRCROOT}/${TARGET_NAME}/\"\n$APOLLO_FRAMEWORK_PATH/check-and-run-apollo-cli.sh codegen:generate API.swift --queries=\"$(find . -name '*.graphql')\" --schema=schema.json\n";
		};
/* End PBXShellScriptBuildPhase section */

/* Begin PBXSourcesBuildPhase section */
		5C09D2C9217C85D0006122AE /* Sources */ = {
			isa = PBXSourcesBuildPhase;
			buildActionMask = 2147483647;
			files = (
				5C955CF321907F53005A0EB1 /* MediaType.swift in Sources */,
				5C09D2D5217C85D0006122AE /* SecondViewController.swift in Sources */,
				5C955CEF21907EC0005A0EB1 /* MediaTitle.swift in Sources */,
				5C61B24821836FE20056A025 /* MediaSearchModel.swift in Sources */,
				5C955CEA21907D3D005A0EB1 /* Media.swift in Sources */,
				5C955CF521907FA9005A0EB1 /* MediaFormat.swift in Sources */,
				5C955CED21907D98005A0EB1 /* MediaDetail.swift in Sources */,
				5C61B24D218451310056A025 /* GraphAPIClient.swift in Sources */,
				5C09D2D1217C85D0006122AE /* AppDelegate.swift in Sources */,
				5C955CD8218EB845005A0EB1 /* PageInfo.swift in Sources */,
				5C955CFB219082F9005A0EB1 /* FuzzyDate.swift in Sources */,
				5C09D2D3217C85D0006122AE /* FirstViewController.swift in Sources */,
				5C955CF721908159005A0EB1 /* MediaStatus.swift in Sources */,
				5C955CF921908247005A0EB1 /* MediaCoverImage.swift in Sources */,
				5C955CDB218EC2B0005A0EB1 /* ImageCollectionViewCell.swift in Sources */,
				5C61B24A2183706E0056A025 /* API.swift in Sources */,
				5C955CE1218F3A69005A0EB1 /* LoadingFooterView.swift in Sources */,
				5C955CE7218F4158005A0EB1 /* FirstPresenter.swift in Sources */,
				5C955CD2218B45DE005A0EB1 /* Utilites.swift in Sources */,
			);
			runOnlyForDeploymentPostprocessing = 0;
		};
		5C09D2DF217C85D1006122AE /* Sources */ = {
			isa = PBXSourcesBuildPhase;
			buildActionMask = 2147483647;
			files = (
				5C09D2E8217C85D1006122AE /* AnilistTests.swift in Sources */,
			);
			runOnlyForDeploymentPostprocessing = 0;
		};
		5C09D2EA217C85D1006122AE /* Sources */ = {
			isa = PBXSourcesBuildPhase;
			buildActionMask = 2147483647;
			files = (
				5C09D2F3217C85D1006122AE /* AnilistUITests.swift in Sources */,
			);
			runOnlyForDeploymentPostprocessing = 0;
		};
/* End PBXSourcesBuildPhase section */

/* Begin PBXTargetDependency section */
		5C09D2E5217C85D1006122AE /* PBXTargetDependency */ = {
			isa = PBXTargetDependency;
			target = 5C09D2CC217C85D0006122AE /* Anilist */;
			targetProxy = 5C09D2E4217C85D1006122AE /* PBXContainerItemProxy */;
		};
		5C09D2F0217C85D1006122AE /* PBXTargetDependency */ = {
			isa = PBXTargetDependency;
			target = 5C09D2CC217C85D0006122AE /* Anilist */;
			targetProxy = 5C09D2EF217C85D1006122AE /* PBXContainerItemProxy */;
		};
/* End PBXTargetDependency section */

/* Begin PBXVariantGroup section */
		5C09D2D6217C85D0006122AE /* Main.storyboard */ = {
			isa = PBXVariantGroup;
			children = (
				5C09D2D7217C85D0006122AE /* Base */,
			);
			name = Main.storyboard;
			sourceTree = "<group>";
		};
		5C09D2DB217C85D1006122AE /* LaunchScreen.storyboard */ = {
			isa = PBXVariantGroup;
			children = (
				5C09D2DC217C85D1006122AE /* Base */,
			);
			name = LaunchScreen.storyboard;
			sourceTree = "<group>";
		};
/* End PBXVariantGroup section */

/* Begin XCBuildConfiguration section */
		5C09D2F5217C85D1006122AE /* Debug */ = {
			isa = XCBuildConfiguration;
			buildSettings = {
				ALWAYS_SEARCH_USER_PATHS = NO;
				CLANG_ANALYZER_NONNULL = YES;
				CLANG_ANALYZER_NUMBER_OBJECT_CONVERSION = YES_AGGRESSIVE;
				CLANG_CXX_LANGUAGE_STANDARD = "gnu++14";
				CLANG_CXX_LIBRARY = "libc++";
				CLANG_ENABLE_MODULES = YES;
				CLANG_ENABLE_OBJC_ARC = YES;
				CLANG_ENABLE_OBJC_WEAK = YES;
				CLANG_WARN_BLOCK_CAPTURE_AUTORELEASING = YES;
				CLANG_WARN_BOOL_CONVERSION = YES;
				CLANG_WARN_COMMA = YES;
				CLANG_WARN_CONSTANT_CONVERSION = YES;
				CLANG_WARN_DEPRECATED_OBJC_IMPLEMENTATIONS = YES;
				CLANG_WARN_DIRECT_OBJC_ISA_USAGE = YES_ERROR;
				CLANG_WARN_DOCUMENTATION_COMMENTS = YES;
				CLANG_WARN_EMPTY_BODY = YES;
				CLANG_WARN_ENUM_CONVERSION = YES;
				CLANG_WARN_INFINITE_RECURSION = YES;
				CLANG_WARN_INT_CONVERSION = YES;
				CLANG_WARN_NON_LITERAL_NULL_CONVERSION = YES;
				CLANG_WARN_OBJC_IMPLICIT_RETAIN_SELF = YES;
				CLANG_WARN_OBJC_LITERAL_CONVERSION = YES;
				CLANG_WARN_OBJC_ROOT_CLASS = YES_ERROR;
				CLANG_WARN_RANGE_LOOP_ANALYSIS = YES;
				CLANG_WARN_STRICT_PROTOTYPES = YES;
				CLANG_WARN_SUSPICIOUS_MOVE = YES;
				CLANG_WARN_UNGUARDED_AVAILABILITY = YES_AGGRESSIVE;
				CLANG_WARN_UNREACHABLE_CODE = YES;
				CLANG_WARN__DUPLICATE_METHOD_MATCH = YES;
				CODE_SIGN_IDENTITY = "iPhone Developer";
				COPY_PHASE_STRIP = NO;
				DEBUG_INFORMATION_FORMAT = dwarf;
				ENABLE_STRICT_OBJC_MSGSEND = YES;
				ENABLE_TESTABILITY = YES;
				GCC_C_LANGUAGE_STANDARD = gnu11;
				GCC_DYNAMIC_NO_PIC = NO;
				GCC_NO_COMMON_BLOCKS = YES;
				GCC_OPTIMIZATION_LEVEL = 0;
				GCC_PREPROCESSOR_DEFINITIONS = (
					"DEBUG=1",
					"$(inherited)",
				);
				GCC_WARN_64_TO_32_BIT_CONVERSION = YES;
				GCC_WARN_ABOUT_RETURN_TYPE = YES_ERROR;
				GCC_WARN_UNDECLARED_SELECTOR = YES;
				GCC_WARN_UNINITIALIZED_AUTOS = YES_AGGRESSIVE;
				GCC_WARN_UNUSED_FUNCTION = YES;
				GCC_WARN_UNUSED_VARIABLE = YES;
				IPHONEOS_DEPLOYMENT_TARGET = 12.0;
				MTL_ENABLE_DEBUG_INFO = INCLUDE_SOURCE;
				MTL_FAST_MATH = YES;
				ONLY_ACTIVE_ARCH = YES;
				SDKROOT = iphoneos;
				SWIFT_ACTIVE_COMPILATION_CONDITIONS = DEBUG;
				SWIFT_OPTIMIZATION_LEVEL = "-Onone";
			};
			name = Debug;
		};
		5C09D2F6217C85D1006122AE /* Release */ = {
			isa = XCBuildConfiguration;
			buildSettings = {
				ALWAYS_SEARCH_USER_PATHS = NO;
				CLANG_ANALYZER_NONNULL = YES;
				CLANG_ANALYZER_NUMBER_OBJECT_CONVERSION = YES_AGGRESSIVE;
				CLANG_CXX_LANGUAGE_STANDARD = "gnu++14";
				CLANG_CXX_LIBRARY = "libc++";
				CLANG_ENABLE_MODULES = YES;
				CLANG_ENABLE_OBJC_ARC = YES;
				CLANG_ENABLE_OBJC_WEAK = YES;
				CLANG_WARN_BLOCK_CAPTURE_AUTORELEASING = YES;
				CLANG_WARN_BOOL_CONVERSION = YES;
				CLANG_WARN_COMMA = YES;
				CLANG_WARN_CONSTANT_CONVERSION = YES;
				CLANG_WARN_DEPRECATED_OBJC_IMPLEMENTATIONS = YES;
				CLANG_WARN_DIRECT_OBJC_ISA_USAGE = YES_ERROR;
				CLANG_WARN_DOCUMENTATION_COMMENTS = YES;
				CLANG_WARN_EMPTY_BODY = YES;
				CLANG_WARN_ENUM_CONVERSION = YES;
				CLANG_WARN_INFINITE_RECURSION = YES;
				CLANG_WARN_INT_CONVERSION = YES;
				CLANG_WARN_NON_LITERAL_NULL_CONVERSION = YES;
				CLANG_WARN_OBJC_IMPLICIT_RETAIN_SELF = YES;
				CLANG_WARN_OBJC_LITERAL_CONVERSION = YES;
				CLANG_WARN_OBJC_ROOT_CLASS = YES_ERROR;
				CLANG_WARN_RANGE_LOOP_ANALYSIS = YES;
				CLANG_WARN_STRICT_PROTOTYPES = YES;
				CLANG_WARN_SUSPICIOUS_MOVE = YES;
				CLANG_WARN_UNGUARDED_AVAILABILITY = YES_AGGRESSIVE;
				CLANG_WARN_UNREACHABLE_CODE = YES;
				CLANG_WARN__DUPLICATE_METHOD_MATCH = YES;
				CODE_SIGN_IDENTITY = "iPhone Developer";
				COPY_PHASE_STRIP = NO;
				DEBUG_INFORMATION_FORMAT = "dwarf-with-dsym";
				ENABLE_NS_ASSERTIONS = NO;
				ENABLE_STRICT_OBJC_MSGSEND = YES;
				GCC_C_LANGUAGE_STANDARD = gnu11;
				GCC_NO_COMMON_BLOCKS = YES;
				GCC_WARN_64_TO_32_BIT_CONVERSION = YES;
				GCC_WARN_ABOUT_RETURN_TYPE = YES_ERROR;
				GCC_WARN_UNDECLARED_SELECTOR = YES;
				GCC_WARN_UNINITIALIZED_AUTOS = YES_AGGRESSIVE;
				GCC_WARN_UNUSED_FUNCTION = YES;
				GCC_WARN_UNUSED_VARIABLE = YES;
				IPHONEOS_DEPLOYMENT_TARGET = 12.0;
				MTL_ENABLE_DEBUG_INFO = NO;
				MTL_FAST_MATH = YES;
				SDKROOT = iphoneos;
				SWIFT_COMPILATION_MODE = wholemodule;
				SWIFT_OPTIMIZATION_LEVEL = "-O";
				VALIDATE_PRODUCT = YES;
			};
			name = Release;
		};
		5C09D2F8217C85D1006122AE /* Debug */ = {
			isa = XCBuildConfiguration;
			buildSettings = {
				ASSETCATALOG_COMPILER_APPICON_NAME = AppIcon;
				CODE_SIGN_STYLE = Automatic;
				DEVELOPMENT_TEAM = Z7TTVB9977;
				FRAMEWORK_SEARCH_PATHS = (
					"$(inherited)",
					"$(PROJECT_DIR)/Carthage/Build/iOS",
				);
				INFOPLIST_FILE = Anilist/Info.plist;
				LD_RUNPATH_SEARCH_PATHS = (
					"$(inherited)",
					"@executable_path/Frameworks",
				);
				PRODUCT_BUNDLE_IDENTIFIER = naotoufu.Anilist;
				PRODUCT_NAME = "$(TARGET_NAME)";
				SWIFT_VERSION = 4.2;
				TARGETED_DEVICE_FAMILY = "1,2";
			};
			name = Debug;
		};
		5C09D2F9217C85D1006122AE /* Release */ = {
			isa = XCBuildConfiguration;
			buildSettings = {
				ASSETCATALOG_COMPILER_APPICON_NAME = AppIcon;
				CODE_SIGN_STYLE = Automatic;
				DEVELOPMENT_TEAM = Z7TTVB9977;
				FRAMEWORK_SEARCH_PATHS = (
					"$(inherited)",
					"$(PROJECT_DIR)/Carthage/Build/iOS",
				);
				INFOPLIST_FILE = Anilist/Info.plist;
				LD_RUNPATH_SEARCH_PATHS = (
					"$(inherited)",
					"@executable_path/Frameworks",
				);
				PRODUCT_BUNDLE_IDENTIFIER = naotoufu.Anilist;
				PRODUCT_NAME = "$(TARGET_NAME)";
				SWIFT_VERSION = 4.2;
				TARGETED_DEVICE_FAMILY = "1,2";
			};
			name = Release;
		};
		5C09D2FB217C85D1006122AE /* Debug */ = {
			isa = XCBuildConfiguration;
			buildSettings = {
				ALWAYS_EMBED_SWIFT_STANDARD_LIBRARIES = YES;
				BUNDLE_LOADER = "$(TEST_HOST)";
				CODE_SIGN_STYLE = Automatic;
				DEVELOPMENT_TEAM = Z7TTVB9977;
				INFOPLIST_FILE = AnilistTests/Info.plist;
				LD_RUNPATH_SEARCH_PATHS = (
					"$(inherited)",
					"@executable_path/Frameworks",
					"@loader_path/Frameworks",
				);
				PRODUCT_BUNDLE_IDENTIFIER = naotoufu.AnilistTests;
				PRODUCT_NAME = "$(TARGET_NAME)";
				SWIFT_VERSION = 4.2;
				TARGETED_DEVICE_FAMILY = "1,2";
				TEST_HOST = "$(BUILT_PRODUCTS_DIR)/Anilist.app/Anilist";
			};
			name = Debug;
		};
		5C09D2FC217C85D1006122AE /* Release */ = {
			isa = XCBuildConfiguration;
			buildSettings = {
				ALWAYS_EMBED_SWIFT_STANDARD_LIBRARIES = YES;
				BUNDLE_LOADER = "$(TEST_HOST)";
				CODE_SIGN_STYLE = Automatic;
				DEVELOPMENT_TEAM = Z7TTVB9977;
				INFOPLIST_FILE = AnilistTests/Info.plist;
				LD_RUNPATH_SEARCH_PATHS = (
					"$(inherited)",
					"@executable_path/Frameworks",
					"@loader_path/Frameworks",
				);
				PRODUCT_BUNDLE_IDENTIFIER = naotoufu.AnilistTests;
				PRODUCT_NAME = "$(TARGET_NAME)";
				SWIFT_VERSION = 4.2;
				TARGETED_DEVICE_FAMILY = "1,2";
				TEST_HOST = "$(BUILT_PRODUCTS_DIR)/Anilist.app/Anilist";
			};
			name = Release;
		};
		5C09D2FE217C85D1006122AE /* Debug */ = {
			isa = XCBuildConfiguration;
			buildSettings = {
				ALWAYS_EMBED_SWIFT_STANDARD_LIBRARIES = YES;
				CODE_SIGN_STYLE = Automatic;
				DEVELOPMENT_TEAM = Z7TTVB9977;
				INFOPLIST_FILE = AnilistUITests/Info.plist;
				LD_RUNPATH_SEARCH_PATHS = (
					"$(inherited)",
					"@executable_path/Frameworks",
					"@loader_path/Frameworks",
				);
				PRODUCT_BUNDLE_IDENTIFIER = naotoufu.AnilistUITests;
				PRODUCT_NAME = "$(TARGET_NAME)";
				SWIFT_VERSION = 4.2;
				TARGETED_DEVICE_FAMILY = "1,2";
				TEST_TARGET_NAME = Anilist;
			};
			name = Debug;
		};
		5C09D2FF217C85D1006122AE /* Release */ = {
			isa = XCBuildConfiguration;
			buildSettings = {
				ALWAYS_EMBED_SWIFT_STANDARD_LIBRARIES = YES;
				CODE_SIGN_STYLE = Automatic;
				DEVELOPMENT_TEAM = Z7TTVB9977;
				INFOPLIST_FILE = AnilistUITests/Info.plist;
				LD_RUNPATH_SEARCH_PATHS = (
					"$(inherited)",
					"@executable_path/Frameworks",
					"@loader_path/Frameworks",
				);
				PRODUCT_BUNDLE_IDENTIFIER = naotoufu.AnilistUITests;
				PRODUCT_NAME = "$(TARGET_NAME)";
				SWIFT_VERSION = 4.2;
				TARGETED_DEVICE_FAMILY = "1,2";
				TEST_TARGET_NAME = Anilist;
			};
			name = Release;
		};
/* End XCBuildConfiguration section */

/* Begin XCConfigurationList section */
		5C09D2C8217C85D0006122AE /* Build configuration list for PBXProject "Anilist" */ = {
			isa = XCConfigurationList;
			buildConfigurations = (
				5C09D2F5217C85D1006122AE /* Debug */,
				5C09D2F6217C85D1006122AE /* Release */,
			);
			defaultConfigurationIsVisible = 0;
			defaultConfigurationName = Release;
		};
		5C09D2F7217C85D1006122AE /* Build configuration list for PBXNativeTarget "Anilist" */ = {
			isa = XCConfigurationList;
			buildConfigurations = (
				5C09D2F8217C85D1006122AE /* Debug */,
				5C09D2F9217C85D1006122AE /* Release */,
			);
			defaultConfigurationIsVisible = 0;
			defaultConfigurationName = Release;
		};
		5C09D2FA217C85D1006122AE /* Build configuration list for PBXNativeTarget "AnilistTests" */ = {
			isa = XCConfigurationList;
			buildConfigurations = (
				5C09D2FB217C85D1006122AE /* Debug */,
				5C09D2FC217C85D1006122AE /* Release */,
			);
			defaultConfigurationIsVisible = 0;
			defaultConfigurationName = Release;
		};
		5C09D2FD217C85D1006122AE /* Build configuration list for PBXNativeTarget "AnilistUITests" */ = {
			isa = XCConfigurationList;
			buildConfigurations = (
				5C09D2FE217C85D1006122AE /* Debug */,
				5C09D2FF217C85D1006122AE /* Release */,
			);
			defaultConfigurationIsVisible = 0;
			defaultConfigurationName = Release;
		};
/* End XCConfigurationList section */
	};
	rootObject = 5C09D2C5217C85D0006122AE /* Project object */;
}
